// !$*UTF8*$!
{
	archiveVersion = 1;
	classes = {
	};
	objectVersion = 50;
	objects = {

/* Begin PBXBuildFile section */
		3445F2AE3A8A79EAA231D2A4 /* Pods_ToBTappiOS.framework in Frameworks */ = {isa = PBXBuildFile; fileRef = A8AE0A036004F0656D7C570E /* Pods_ToBTappiOS.framework */; };
		55235E8E20AE7B0D00B98D38 /* ConfigModel.swift in Sources */ = {isa = PBXBuildFile; fileRef = 55235E8D20AE7B0D00B98D38 /* ConfigModel.swift */; };
		55235E9020AE7CB600B98D38 /* LanguageModel.swift in Sources */ = {isa = PBXBuildFile; fileRef = 55235E8F20AE7CB600B98D38 /* LanguageModel.swift */; };
		55235E9220AE97D800B98D38 /* EmptyModel.swift in Sources */ = {isa = PBXBuildFile; fileRef = 55235E9120AE97D800B98D38 /* EmptyModel.swift */; };
		5533E76F20F330CB00A65502 /* APIServer.swift in Sources */ = {isa = PBXBuildFile; fileRef = 5533E76E20F330CA00A65502 /* APIServer.swift */; };
		5533E77120F3344E00A65502 /* ToAPIServer.swift in Sources */ = {isa = PBXBuildFile; fileRef = 5533E77020F3344E00A65502 /* ToAPIServer.swift */; };
		5533E77320F33A9100A65502 /* ServerAPI.swift in Sources */ = {isa = PBXBuildFile; fileRef = 5533E77220F33A9100A65502 /* ServerAPI.swift */; };
		5533E77520F33AE500A65502 /* ServerEncryption.swift in Sources */ = {isa = PBXBuildFile; fileRef = 5533E77420F33AE500A65502 /* ServerEncryption.swift */; };
		553E72A520AAAD8E00CFFEB8 /* Main.storyboard in Resources */ = {isa = PBXBuildFile; fileRef = 553E72A320AAAD8E00CFFEB8 /* Main.storyboard */; };
		553E72A720AAAD8F00CFFEB8 /* Assets.xcassets in Resources */ = {isa = PBXBuildFile; fileRef = 553E72A620AAAD8F00CFFEB8 /* Assets.xcassets */; };
		553E72AA20AAAD8F00CFFEB8 /* LaunchScreen.storyboard in Resources */ = {isa = PBXBuildFile; fileRef = 553E72A820AAAD8F00CFFEB8 /* LaunchScreen.storyboard */; };
		553E72BE20AAB35200CFFEB8 /* Localizable.strings in Resources */ = {isa = PBXBuildFile; fileRef = 553E72C020AAB35200CFFEB8 /* Localizable.strings */; };
		553E72C420AAB38C00CFFEB8 /* InfoPlist.strings in Resources */ = {isa = PBXBuildFile; fileRef = 553E72C620AAB38C00CFFEB8 /* InfoPlist.strings */; };
		553E72F420AAB85C00CFFEB8 /* Global.swift in Sources */ = {isa = PBXBuildFile; fileRef = 553E72F320AAB85C00CFFEB8 /* Global.swift */; };
		553E730420AAB8C100CFFEB8 /* DataExtension.swift in Sources */ = {isa = PBXBuildFile; fileRef = 553E72FA20AAB8C000CFFEB8 /* DataExtension.swift */; };
		553E730520AAB8C100CFFEB8 /* DateExtension.swift in Sources */ = {isa = PBXBuildFile; fileRef = 553E72FB20AAB8C000CFFEB8 /* DateExtension.swift */; };
		553E730620AAB8C100CFFEB8 /* DictionaryExtension.swift in Sources */ = {isa = PBXBuildFile; fileRef = 553E72FC20AAB8C000CFFEB8 /* DictionaryExtension.swift */; };
		553E730720AAB8C100CFFEB8 /* PeripheralState.swift in Sources */ = {isa = PBXBuildFile; fileRef = 553E72FD20AAB8C000CFFEB8 /* PeripheralState.swift */; };
		553E730820AAB8C100CFFEB8 /* UIViewExtension.swift in Sources */ = {isa = PBXBuildFile; fileRef = 553E72FE20AAB8C100CFFEB8 /* UIViewExtension.swift */; };
		553E730920AAB8C100CFFEB8 /* UITextfieldExtension.swift in Sources */ = {isa = PBXBuildFile; fileRef = 553E72FF20AAB8C100CFFEB8 /* UITextfieldExtension.swift */; };
		553E730A20AAB8C100CFFEB8 /* StringExtension.swift in Sources */ = {isa = PBXBuildFile; fileRef = 553E730020AAB8C100CFFEB8 /* StringExtension.swift */; };
		553E730B20AAB8C100CFFEB8 /* MethodExtension.swift in Sources */ = {isa = PBXBuildFile; fileRef = 553E730120AAB8C100CFFEB8 /* MethodExtension.swift */; };
		553E730C20AAB8C100CFFEB8 /* UIIViewControllerExtension.swift in Sources */ = {isa = PBXBuildFile; fileRef = 553E730220AAB8C100CFFEB8 /* UIIViewControllerExtension.swift */; };
		553E730D20AAB8C100CFFEB8 /* UIColorExtension.swift in Sources */ = {isa = PBXBuildFile; fileRef = 553E730320AAB8C100CFFEB8 /* UIColorExtension.swift */; };
		553E732120AABB5B00CFFEB8 /* UserModel.swift in Sources */ = {isa = PBXBuildFile; fileRef = 553E732020AABB5B00CFFEB8 /* UserModel.swift */; };
		553FD1C520EDEA5D00A43F5D /* TutorialController.swift in Sources */ = {isa = PBXBuildFile; fileRef = 553FD1C420EDEA5D00A43F5D /* TutorialController.swift */; };
		553FD1C720EDFDE500A43F5D /* GroupCollectionViewCell.swift in Sources */ = {isa = PBXBuildFile; fileRef = 553FD1C620EDFDE500A43F5D /* GroupCollectionViewCell.swift */; };
		553FD1C920EE1E2600A43F5D /* PermissionCollectionCell.swift in Sources */ = {isa = PBXBuildFile; fileRef = 553FD1C820EE1E2600A43F5D /* PermissionCollectionCell.swift */; };
		55437EA520ECC4CA00C25143 /* MenuModel.swift in Sources */ = {isa = PBXBuildFile; fileRef = 55437EA420ECC4CA00C25143 /* MenuModel.swift */; };
		556B11A220AD774D00BF5F18 /* FileHelper.swift in Sources */ = {isa = PBXBuildFile; fileRef = 556B11A120AD774D00BF5F18 /* FileHelper.swift */; };
		557C3F2D20EB1AF300A24D54 /* UpdateFWModel.swift in Sources */ = {isa = PBXBuildFile; fileRef = 557C3F2C20EB1AF300A24D54 /* UpdateFWModel.swift */; };
		557C3F3220EB1BD400A24D54 /* APIEncrypt.swift in Sources */ = {isa = PBXBuildFile; fileRef = 557C3F2F20EB1BD400A24D54 /* APIEncrypt.swift */; };
		557C3F3320EB1BD400A24D54 /* APIResponse.swift in Sources */ = {isa = PBXBuildFile; fileRef = 557C3F3020EB1BD400A24D54 /* APIResponse.swift */; };
		557C3F3620EB1E8A00A24D54 /* AppDelegate+Method.swift in Sources */ = {isa = PBXBuildFile; fileRef = 557C3F3520EB1E8A00A24D54 /* AppDelegate+Method.swift */; };
		557C3F3820EB1EBD00A24D54 /* api_tapplock_com.cer in Resources */ = {isa = PBXBuildFile; fileRef = 557C3F3720EB1EBB00A24D54 /* api_tapplock_com.cer */; };
		557C3F3A20EB1FE400A24D54 /* SupportVersionModel.swift in Sources */ = {isa = PBXBuildFile; fileRef = 557C3F3920EB1FE400A24D54 /* SupportVersionModel.swift */; };
		557C3F3F20EB526B00A24D54 /* MenuView.swift in Sources */ = {isa = PBXBuildFile; fileRef = 557C3F3E20EB526B00A24D54 /* MenuView.swift */; };
		557C3F4120EB530400A24D54 /* MenuViewModel.swift in Sources */ = {isa = PBXBuildFile; fileRef = 557C3F4020EB530400A24D54 /* MenuViewModel.swift */; };
		557C3F4420EB57B800A24D54 /* MenuTableViewCell.swift in Sources */ = {isa = PBXBuildFile; fileRef = 557C3F4220EB57B800A24D54 /* MenuTableViewCell.swift */; };
		557C3F4520EB57B800A24D54 /* MenuTableViewCell.xib in Resources */ = {isa = PBXBuildFile; fileRef = 557C3F4320EB57B800A24D54 /* MenuTableViewCell.xib */; };
		557E6FC520DA02C8003C7975 /* PermissionController.swift in Sources */ = {isa = PBXBuildFile; fileRef = 557E6FC420DA02C8003C7975 /* PermissionController.swift */; };
		557E6FC720DA02DD003C7975 /* YourGroupController.swift in Sources */ = {isa = PBXBuildFile; fileRef = 557E6FC620DA02DD003C7975 /* YourGroupController.swift */; };
		557E6FC920DA2875003C7975 /* ProfileModel.swift in Sources */ = {isa = PBXBuildFile; fileRef = 557E6FC820DA2875003C7975 /* ProfileModel.swift */; };
		55A1126A20EA31460008A4CC /* BLECommand.swift in Sources */ = {isa = PBXBuildFile; fileRef = 55A1126020EA31460008A4CC /* BLECommand.swift */; };
		55A1126B20EA31460008A4CC /* BLEPeripheral.swift in Sources */ = {isa = PBXBuildFile; fileRef = 55A1126120EA31460008A4CC /* BLEPeripheral.swift */; };
		55A1126C20EA31460008A4CC /* BLEResponse.swift in Sources */ = {isa = PBXBuildFile; fileRef = 55A1126220EA31460008A4CC /* BLEResponse.swift */; };
		55A1126D20EA31460008A4CC /* PeripheralEncrypt.swift in Sources */ = {isa = PBXBuildFile; fileRef = 55A1126320EA31460008A4CC /* PeripheralEncrypt.swift */; };
		55A1126E20EA31460008A4CC /* PeripheralHistory.swift in Sources */ = {isa = PBXBuildFile; fileRef = 55A1126420EA31460008A4CC /* PeripheralHistory.swift */; };
		55A1126F20EA31460008A4CC /* PeripheralService.swift in Sources */ = {isa = PBXBuildFile; fileRef = 55A1126520EA31460008A4CC /* PeripheralService.swift */; };
		55A1127020EA31460008A4CC /* TapplockManager.swift in Sources */ = {isa = PBXBuildFile; fileRef = 55A1126620EA31460008A4CC /* TapplockManager.swift */; };
		55A1127220EA31460008A4CC /* TapplockModel.swift in Sources */ = {isa = PBXBuildFile; fileRef = 55A1126820EA31460008A4CC /* TapplockModel.swift */; };
		55A1127320EA31460008A4CC /* TapplockType.swift in Sources */ = {isa = PBXBuildFile; fileRef = 55A1126920EA31460008A4CC /* TapplockType.swift */; };
		55AEEE5E20EF159300D219BD /* AboutUSViewController.swift in Sources */ = {isa = PBXBuildFile; fileRef = 55AEEE5D20EF159300D219BD /* AboutUSViewController.swift */; };
		55AEEE6020EF18D600D219BD /* ChangePassWordController.swift in Sources */ = {isa = PBXBuildFile; fileRef = 55AEEE5F20EF18D600D219BD /* ChangePassWordController.swift */; };
		55AEEE6220EF18FB00D219BD /* SendFeedbackController.swift in Sources */ = {isa = PBXBuildFile; fileRef = 55AEEE6120EF18FB00D219BD /* SendFeedbackController.swift */; };
		55AEEE6C20EF3E2200D219BD /* FingerprintHistoryViewController.swift in Sources */ = {isa = PBXBuildFile; fileRef = 55AEEE6420EF3E2100D219BD /* FingerprintHistoryViewController.swift */; };
		55AEEE6D20EF3E2200D219BD /* FingerprintHistoryViewModel.swift in Sources */ = {isa = PBXBuildFile; fileRef = 55AEEE6520EF3E2100D219BD /* FingerprintHistoryViewModel.swift */; };
		55AEEE6E20EF3E2200D219BD /* FingerPrintListCell.swift in Sources */ = {isa = PBXBuildFile; fileRef = 55AEEE6620EF3E2100D219BD /* FingerPrintListCell.swift */; };
		55AEEE6F20EF3E2200D219BD /* LockAFingPrintCell.swift in Sources */ = {isa = PBXBuildFile; fileRef = 55AEEE6720EF3E2100D219BD /* LockAFingPrintCell.swift */; };
		55AEEE7020EF3E2200D219BD /* BluetoothHistoryCell.swift in Sources */ = {isa = PBXBuildFile; fileRef = 55AEEE6920EF3E2200D219BD /* BluetoothHistoryCell.swift */; };
		55AEEE7120EF3E2200D219BD /* BluetoothHistoryViewController.swift in Sources */ = {isa = PBXBuildFile; fileRef = 55AEEE6A20EF3E2200D219BD /* BluetoothHistoryViewController.swift */; };
		55AEEE7220EF3E2200D219BD /* BluetoothHistoryViewModel.swift in Sources */ = {isa = PBXBuildFile; fileRef = 55AEEE6B20EF3E2200D219BD /* BluetoothHistoryViewModel.swift */; };
		55AEEE7420EF426400D219BD /* BluetoothHistoryModel.swift in Sources */ = {isa = PBXBuildFile; fileRef = 55AEEE7320EF426400D219BD /* BluetoothHistoryModel.swift */; };
		55AEEE7620EF428500D219BD /* FingerprintHistoryModel.swift in Sources */ = {isa = PBXBuildFile; fileRef = 55AEEE7520EF428500D219BD /* FingerprintHistoryModel.swift */; };
		55AEEE7820EF438D00D219BD /* ListModel.swift in Sources */ = {isa = PBXBuildFile; fileRef = 55AEEE7720EF438D00D219BD /* ListModel.swift */; };
		55AEEE7A20EF5A2200D219BD /* FingerPrintListCollectionCell.swift in Sources */ = {isa = PBXBuildFile; fileRef = 55AEEE7920EF5A2200D219BD /* FingerPrintListCollectionCell.swift */; };
		55D0549B20D8CA0F003C92B5 /* HomeLockCell.swift in Sources */ = {isa = PBXBuildFile; fileRef = 55D0549A20D8CA0F003C92B5 /* HomeLockCell.swift */; };
		55D0549D20D8CE4B003C92B5 /* WorkGroupController.swift in Sources */ = {isa = PBXBuildFile; fileRef = 55D0549C20D8CE4B003C92B5 /* WorkGroupController.swift */; };
		55D054A020D8D2C0003C92B5 /* LockDetailController.swift in Sources */ = {isa = PBXBuildFile; fileRef = 55D0549F20D8D2C0003C92B5 /* LockDetailController.swift */; };
		55D054A220D8D2D2003C92B5 /* LockDetail.storyboard in Resources */ = {isa = PBXBuildFile; fileRef = 55D054A120D8D2D2003C92B5 /* LockDetail.storyboard */; };
		55D054A420D8E7FC003C92B5 /* HistoryTableHeaderView.swift in Sources */ = {isa = PBXBuildFile; fileRef = 55D054A320D8E7FC003C92B5 /* HistoryTableHeaderView.swift */; };
		55D054A620D8E850003C92B5 /* FingerLockDetail.storyboard in Resources */ = {isa = PBXBuildFile; fileRef = 55D054A520D8E850003C92B5 /* FingerLockDetail.storyboard */; };
		55D054A820D8E876003C92B5 /* FingerLockDetailController.swift in Sources */ = {isa = PBXBuildFile; fileRef = 55D054A720D8E876003C92B5 /* FingerLockDetailController.swift */; };
		55D054AA20D8E8BD003C92B5 /* BlueHistoryController.swift in Sources */ = {isa = PBXBuildFile; fileRef = 55D054A920D8E8BD003C92B5 /* BlueHistoryController.swift */; };
		55D054AC20D8E8CE003C92B5 /* FingerHistoryController.swift in Sources */ = {isa = PBXBuildFile; fileRef = 55D054AB20D8E8CE003C92B5 /* FingerHistoryController.swift */; };
		55D054AE20D8F2DE003C92B5 /* AuthorizedUserController.swift in Sources */ = {isa = PBXBuildFile; fileRef = 55D054AD20D8F2DE003C92B5 /* AuthorizedUserController.swift */; };
		7D05124820D263B90075C681 /* Setting.storyboard in Resources */ = {isa = PBXBuildFile; fileRef = 7D05124720D263B90075C681 /* Setting.storyboard */; };
		7D05124A20D263F10075C681 /* SettingViewController.swift in Sources */ = {isa = PBXBuildFile; fileRef = 7D05124920D263F10075C681 /* SettingViewController.swift */; };
		7D05124C20D2650F0075C681 /* MyTapplockController.swift in Sources */ = {isa = PBXBuildFile; fileRef = 7D05124B20D2650F0075C681 /* MyTapplockController.swift */; };
		7D05124E20D2651A0075C681 /* MyTapplock.storyboard in Resources */ = {isa = PBXBuildFile; fileRef = 7D05124D20D2651A0075C681 /* MyTapplock.storyboard */; };
		7D05125020D2654B0075C681 /* ProfileViewController.swift in Sources */ = {isa = PBXBuildFile; fileRef = 7D05124F20D2654B0075C681 /* ProfileViewController.swift */; };
		7D05125220D265610075C681 /* Profile.storyboard in Resources */ = {isa = PBXBuildFile; fileRef = 7D05125120D265610075C681 /* Profile.storyboard */; };
		7D05125420D265830075C681 /* ViewAlllock.storyboard in Resources */ = {isa = PBXBuildFile; fileRef = 7D05125320D265830075C681 /* ViewAlllock.storyboard */; };
		7D05125620D265950075C681 /* AllLocksViewController.swift in Sources */ = {isa = PBXBuildFile; fileRef = 7D05125520D265950075C681 /* AllLocksViewController.swift */; };
		7D05125A20D266210075C681 /* ViewHistory.storyboard in Resources */ = {isa = PBXBuildFile; fileRef = 7D05125920D266210075C681 /* ViewHistory.storyboard */; };
		7D05125C20D266420075C681 /* ViewHistoryController.swift in Sources */ = {isa = PBXBuildFile; fileRef = 7D05125B20D266420075C681 /* ViewHistoryController.swift */; };
		7D8D773A20CE1DF200C218D0 /* R.generated.swift in Sources */ = {isa = PBXBuildFile; fileRef = 7D8D773920CE1DF100C218D0 /* R.generated.swift */; };
		7D8D774020CE418900C218D0 /* Home.storyboard in Resources */ = {isa = PBXBuildFile; fileRef = 7D8D773F20CE418900C218D0 /* Home.storyboard */; };
		7D8D774220CE41A700C218D0 /* HomeViewController.swift in Sources */ = {isa = PBXBuildFile; fileRef = 7D8D774120CE41A700C218D0 /* HomeViewController.swift */; };
		7DFE0FC120CD365700C94FA3 /* AppDelegate.swift in Sources */ = {isa = PBXBuildFile; fileRef = 7DFE0FC020CD365700C94FA3 /* AppDelegate.swift */; };
		7DFE108120CD3FD500C94FA3 /* Century Gothic.ttf in Resources */ = {isa = PBXBuildFile; fileRef = 7DFE108020CD3FD500C94FA3 /* Century Gothic.ttf */; };
		7DFE108320CD405000C94FA3 /* RootViewController.swift in Sources */ = {isa = PBXBuildFile; fileRef = 7DFE108220CD405000C94FA3 /* RootViewController.swift */; };
		7DFE108520CD406A00C94FA3 /* BaseNaviController.swift in Sources */ = {isa = PBXBuildFile; fileRef = 7DFE108420CD406A00C94FA3 /* BaseNaviController.swift */; };
		7DFE108720CD407900C94FA3 /* BaseViewController.swift in Sources */ = {isa = PBXBuildFile; fileRef = 7DFE108620CD407900C94FA3 /* BaseViewController.swift */; };
		7DFE108920CD41AA00C94FA3 /* Root_logo.png in Resources */ = {isa = PBXBuildFile; fileRef = 7DFE108820CD41AA00C94FA3 /* Root_logo.png */; };
		7DFE10CB20CD466700C94FA3 /* NSBundle+Language.m in Sources */ = {isa = PBXBuildFile; fileRef = 7DFE10CA20CD466700C94FA3 /* NSBundle+Language.m */; };
		7DFE10D020CD46EE00C94FA3 /* RefreshGifheader.m in Sources */ = {isa = PBXBuildFile; fileRef = 7DFE10CC20CD46EE00C94FA3 /* RefreshGifheader.m */; };
		7DFE10D420CD473D00C94FA3 /* GradientExtension.swift in Sources */ = {isa = PBXBuildFile; fileRef = 7DFE10D320CD473D00C94FA3 /* GradientExtension.swift */; };
		7DFE10D620CD480800C94FA3 /* UIFontExtension.swift in Sources */ = {isa = PBXBuildFile; fileRef = 7DFE10D520CD480800C94FA3 /* UIFontExtension.swift */; };
		7DFE10DA20CD4A3800C94FA3 /* LogIn.storyboard in Resources */ = {isa = PBXBuildFile; fileRef = 7DFE10D920CD4A3800C94FA3 /* LogIn.storyboard */; };
		7DFE10DE20CD4A7E00C94FA3 /* LoginViewModel.swift in Sources */ = {isa = PBXBuildFile; fileRef = 7DFE10DC20CD4A7D00C94FA3 /* LoginViewModel.swift */; };
		7DFE10DF20CD4A7E00C94FA3 /* LoginViewController.swift in Sources */ = {isa = PBXBuildFile; fileRef = 7DFE10DD20CD4A7D00C94FA3 /* LoginViewController.swift */; };
		7DFE10E420CD4A8E00C94FA3 /* ForgetPasswordViewModel.swift in Sources */ = {isa = PBXBuildFile; fileRef = 7DFE10E020CD4A8D00C94FA3 /* ForgetPasswordViewModel.swift */; };
		7DFE10E520CD4A8E00C94FA3 /* VerificationCodeViewController.swift in Sources */ = {isa = PBXBuildFile; fileRef = 7DFE10E120CD4A8D00C94FA3 /* VerificationCodeViewController.swift */; };
		7DFE10E620CD4A8E00C94FA3 /* ForgetPasswordViewController.swift in Sources */ = {isa = PBXBuildFile; fileRef = 7DFE10E220CD4A8E00C94FA3 /* ForgetPasswordViewController.swift */; };
		7DFE10E720CD4A8E00C94FA3 /* NewPasswordViewController.swift in Sources */ = {isa = PBXBuildFile; fileRef = 7DFE10E320CD4A8E00C94FA3 /* NewPasswordViewController.swift */; };
		7DFE10F020CD4AC700C94FA3 /* ConfirmPasswordController.swift in Sources */ = {isa = PBXBuildFile; fileRef = 7DFE10E920CD4AC600C94FA3 /* ConfirmPasswordController.swift */; };
		7DFE10F120CD4AC700C94FA3 /* RegistInformationController.swift in Sources */ = {isa = PBXBuildFile; fileRef = 7DFE10EA20CD4AC600C94FA3 /* RegistInformationController.swift */; };
		7DFE10F220CD4AC700C94FA3 /* RegisterPasswordController.swift in Sources */ = {isa = PBXBuildFile; fileRef = 7DFE10EB20CD4AC600C94FA3 /* RegisterPasswordController.swift */; };
		7DFE10F320CD4AC700C94FA3 /* RegistMailController.swift in Sources */ = {isa = PBXBuildFile; fileRef = 7DFE10EC20CD4AC600C94FA3 /* RegistMailController.swift */; };
		7DFE10F420CD4AC700C94FA3 /* RegistVerficationController.swift in Sources */ = {isa = PBXBuildFile; fileRef = 7DFE10ED20CD4AC700C94FA3 /* RegistVerficationController.swift */; };
		7DFE10F520CD4AC700C94FA3 /* RegisterUserImageUploader.swift in Sources */ = {isa = PBXBuildFile; fileRef = 7DFE10EE20CD4AC700C94FA3 /* RegisterUserImageUploader.swift */; };
		7DFE10F620CD4AC700C94FA3 /* RegisterViewModel.swift in Sources */ = {isa = PBXBuildFile; fileRef = 7DFE10EF20CD4AC700C94FA3 /* RegisterViewModel.swift */; };
		7DFE10F820CD4AD600C94FA3 /* Register.storyboard in Resources */ = {isa = PBXBuildFile; fileRef = 7DFE10F720CD4AD600C94FA3 /* Register.storyboard */; };
/* End PBXBuildFile section */

/* Begin PBXFileReference section */
		09C04267B9B6EC490816A322 /* Pods-ToBTappiOS.debug.xcconfig */ = {isa = PBXFileReference; includeInIndex = 1; lastKnownFileType = text.xcconfig; name = "Pods-ToBTappiOS.debug.xcconfig"; path = "Pods/Target Support Files/Pods-ToBTappiOS/Pods-ToBTappiOS.debug.xcconfig"; sourceTree = "<group>"; };
		55235E8D20AE7B0D00B98D38 /* ConfigModel.swift */ = {isa = PBXFileReference; lastKnownFileType = sourcecode.swift; path = ConfigModel.swift; sourceTree = "<group>"; };
		55235E8F20AE7CB600B98D38 /* LanguageModel.swift */ = {isa = PBXFileReference; lastKnownFileType = sourcecode.swift; path = LanguageModel.swift; sourceTree = "<group>"; };
		55235E9120AE97D800B98D38 /* EmptyModel.swift */ = {isa = PBXFileReference; lastKnownFileType = sourcecode.swift; path = EmptyModel.swift; sourceTree = "<group>"; };
		5533E76E20F330CA00A65502 /* APIServer.swift */ = {isa = PBXFileReference; fileEncoding = 4; lastKnownFileType = sourcecode.swift; path = APIServer.swift; sourceTree = "<group>"; };
		5533E77020F3344E00A65502 /* ToAPIServer.swift */ = {isa = PBXFileReference; lastKnownFileType = sourcecode.swift; path = ToAPIServer.swift; sourceTree = "<group>"; };
		5533E77220F33A9100A65502 /* ServerAPI.swift */ = {isa = PBXFileReference; lastKnownFileType = sourcecode.swift; path = ServerAPI.swift; sourceTree = "<group>"; };
		5533E77420F33AE500A65502 /* ServerEncryption.swift */ = {isa = PBXFileReference; lastKnownFileType = sourcecode.swift; path = ServerEncryption.swift; sourceTree = "<group>"; };
		553E729C20AAAD8E00CFFEB8 /* ToBTappiOS.app */ = {isa = PBXFileReference; explicitFileType = wrapper.application; includeInIndex = 0; path = ToBTappiOS.app; sourceTree = BUILT_PRODUCTS_DIR; };
		553E72A420AAAD8E00CFFEB8 /* Base */ = {isa = PBXFileReference; lastKnownFileType = file.storyboard; name = Base; path = Base.lproj/Main.storyboard; sourceTree = "<group>"; };
		553E72A620AAAD8F00CFFEB8 /* Assets.xcassets */ = {isa = PBXFileReference; lastKnownFileType = folder.assetcatalog; path = Assets.xcassets; sourceTree = "<group>"; };
		553E72A920AAAD8F00CFFEB8 /* Base */ = {isa = PBXFileReference; lastKnownFileType = file.storyboard; name = Base; path = Base.lproj/LaunchScreen.storyboard; sourceTree = "<group>"; };
		553E72AB20AAAD8F00CFFEB8 /* Info.plist */ = {isa = PBXFileReference; lastKnownFileType = text.plist.xml; path = Info.plist; sourceTree = "<group>"; };
		553E72BA20AAB33200CFFEB8 /* ja */ = {isa = PBXFileReference; lastKnownFileType = text.plist.strings; name = ja; path = ja.lproj/Main.strings; sourceTree = "<group>"; };
		553E72BB20AAB33200CFFEB8 /* ja */ = {isa = PBXFileReference; lastKnownFileType = text.plist.strings; name = ja; path = ja.lproj/LaunchScreen.strings; sourceTree = "<group>"; };
		553E72BF20AAB35200CFFEB8 /* en */ = {isa = PBXFileReference; lastKnownFileType = text.plist.strings; name = en; path = en.lproj/Localizable.strings; sourceTree = "<group>"; };
		553E72C120AAB35400CFFEB8 /* ja */ = {isa = PBXFileReference; lastKnownFileType = text.plist.strings; name = ja; path = ja.lproj/Localizable.strings; sourceTree = "<group>"; };
		553E72C520AAB38C00CFFEB8 /* en */ = {isa = PBXFileReference; lastKnownFileType = text.plist.strings; name = en; path = en.lproj/InfoPlist.strings; sourceTree = "<group>"; };
		553E72C720AAB38E00CFFEB8 /* ja */ = {isa = PBXFileReference; lastKnownFileType = text.plist.strings; name = ja; path = ja.lproj/InfoPlist.strings; sourceTree = "<group>"; };
		553E72F320AAB85C00CFFEB8 /* Global.swift */ = {isa = PBXFileReference; lastKnownFileType = sourcecode.swift; path = Global.swift; sourceTree = "<group>"; };
		553E72FA20AAB8C000CFFEB8 /* DataExtension.swift */ = {isa = PBXFileReference; fileEncoding = 4; lastKnownFileType = sourcecode.swift; path = DataExtension.swift; sourceTree = "<group>"; };
		553E72FB20AAB8C000CFFEB8 /* DateExtension.swift */ = {isa = PBXFileReference; fileEncoding = 4; lastKnownFileType = sourcecode.swift; path = DateExtension.swift; sourceTree = "<group>"; };
		553E72FC20AAB8C000CFFEB8 /* DictionaryExtension.swift */ = {isa = PBXFileReference; fileEncoding = 4; lastKnownFileType = sourcecode.swift; path = DictionaryExtension.swift; sourceTree = "<group>"; };
		553E72FD20AAB8C000CFFEB8 /* PeripheralState.swift */ = {isa = PBXFileReference; fileEncoding = 4; lastKnownFileType = sourcecode.swift; path = PeripheralState.swift; sourceTree = "<group>"; };
		553E72FE20AAB8C100CFFEB8 /* UIViewExtension.swift */ = {isa = PBXFileReference; fileEncoding = 4; lastKnownFileType = sourcecode.swift; path = UIViewExtension.swift; sourceTree = "<group>"; };
		553E72FF20AAB8C100CFFEB8 /* UITextfieldExtension.swift */ = {isa = PBXFileReference; fileEncoding = 4; lastKnownFileType = sourcecode.swift; path = UITextfieldExtension.swift; sourceTree = "<group>"; };
		553E730020AAB8C100CFFEB8 /* StringExtension.swift */ = {isa = PBXFileReference; fileEncoding = 4; lastKnownFileType = sourcecode.swift; path = StringExtension.swift; sourceTree = "<group>"; };
		553E730120AAB8C100CFFEB8 /* MethodExtension.swift */ = {isa = PBXFileReference; fileEncoding = 4; lastKnownFileType = sourcecode.swift; path = MethodExtension.swift; sourceTree = "<group>"; };
		553E730220AAB8C100CFFEB8 /* UIIViewControllerExtension.swift */ = {isa = PBXFileReference; fileEncoding = 4; lastKnownFileType = sourcecode.swift; path = UIIViewControllerExtension.swift; sourceTree = "<group>"; };
		553E730320AAB8C100CFFEB8 /* UIColorExtension.swift */ = {isa = PBXFileReference; fileEncoding = 4; lastKnownFileType = sourcecode.swift; path = UIColorExtension.swift; sourceTree = "<group>"; };
		553E732020AABB5B00CFFEB8 /* UserModel.swift */ = {isa = PBXFileReference; lastKnownFileType = sourcecode.swift; path = UserModel.swift; sourceTree = "<group>"; };
		553FD1C420EDEA5D00A43F5D /* TutorialController.swift */ = {isa = PBXFileReference; lastKnownFileType = sourcecode.swift; path = TutorialController.swift; sourceTree = "<group>"; };
		553FD1C620EDFDE500A43F5D /* GroupCollectionViewCell.swift */ = {isa = PBXFileReference; lastKnownFileType = sourcecode.swift; path = GroupCollectionViewCell.swift; sourceTree = "<group>"; };
		553FD1C820EE1E2600A43F5D /* PermissionCollectionCell.swift */ = {isa = PBXFileReference; lastKnownFileType = sourcecode.swift; path = PermissionCollectionCell.swift; sourceTree = "<group>"; };
		55437EA420ECC4CA00C25143 /* MenuModel.swift */ = {isa = PBXFileReference; lastKnownFileType = sourcecode.swift; path = MenuModel.swift; sourceTree = "<group>"; };
		556B11A120AD774D00BF5F18 /* FileHelper.swift */ = {isa = PBXFileReference; fileEncoding = 4; lastKnownFileType = sourcecode.swift; path = FileHelper.swift; sourceTree = "<group>"; };
		557C3F2C20EB1AF300A24D54 /* UpdateFWModel.swift */ = {isa = PBXFileReference; fileEncoding = 4; lastKnownFileType = sourcecode.swift; path = UpdateFWModel.swift; sourceTree = "<group>"; };
		557C3F2F20EB1BD400A24D54 /* APIEncrypt.swift */ = {isa = PBXFileReference; fileEncoding = 4; lastKnownFileType = sourcecode.swift; path = APIEncrypt.swift; sourceTree = "<group>"; };
		557C3F3020EB1BD400A24D54 /* APIResponse.swift */ = {isa = PBXFileReference; fileEncoding = 4; lastKnownFileType = sourcecode.swift; path = APIResponse.swift; sourceTree = "<group>"; };
		557C3F3520EB1E8A00A24D54 /* AppDelegate+Method.swift */ = {isa = PBXFileReference; lastKnownFileType = sourcecode.swift; path = "AppDelegate+Method.swift"; sourceTree = "<group>"; };
		557C3F3720EB1EBB00A24D54 /* api_tapplock_com.cer */ = {isa = PBXFileReference; lastKnownFileType = file; path = api_tapplock_com.cer; sourceTree = "<group>"; };
		557C3F3920EB1FE400A24D54 /* SupportVersionModel.swift */ = {isa = PBXFileReference; fileEncoding = 4; lastKnownFileType = sourcecode.swift; path = SupportVersionModel.swift; sourceTree = "<group>"; };
		557C3F3B20EB224F00A24D54 /* ToBTappiOS.entitlements */ = {isa = PBXFileReference; lastKnownFileType = text.plist.entitlements; path = ToBTappiOS.entitlements; sourceTree = "<group>"; };
		557C3F3E20EB526B00A24D54 /* MenuView.swift */ = {isa = PBXFileReference; lastKnownFileType = sourcecode.swift; path = MenuView.swift; sourceTree = "<group>"; };
		557C3F4020EB530400A24D54 /* MenuViewModel.swift */ = {isa = PBXFileReference; lastKnownFileType = sourcecode.swift; path = MenuViewModel.swift; sourceTree = "<group>"; };
		557C3F4220EB57B800A24D54 /* MenuTableViewCell.swift */ = {isa = PBXFileReference; lastKnownFileType = sourcecode.swift; path = MenuTableViewCell.swift; sourceTree = "<group>"; };
		557C3F4320EB57B800A24D54 /* MenuTableViewCell.xib */ = {isa = PBXFileReference; lastKnownFileType = file.xib; path = MenuTableViewCell.xib; sourceTree = "<group>"; };
		557E6FC420DA02C8003C7975 /* PermissionController.swift */ = {isa = PBXFileReference; lastKnownFileType = sourcecode.swift; path = PermissionController.swift; sourceTree = "<group>"; };
		557E6FC620DA02DD003C7975 /* YourGroupController.swift */ = {isa = PBXFileReference; lastKnownFileType = sourcecode.swift; path = YourGroupController.swift; sourceTree = "<group>"; };
		557E6FC820DA2875003C7975 /* ProfileModel.swift */ = {isa = PBXFileReference; lastKnownFileType = sourcecode.swift; path = ProfileModel.swift; sourceTree = "<group>"; };
		55A1126020EA31460008A4CC /* BLECommand.swift */ = {isa = PBXFileReference; fileEncoding = 4; lastKnownFileType = sourcecode.swift; path = BLECommand.swift; sourceTree = "<group>"; };
		55A1126120EA31460008A4CC /* BLEPeripheral.swift */ = {isa = PBXFileReference; fileEncoding = 4; lastKnownFileType = sourcecode.swift; path = BLEPeripheral.swift; sourceTree = "<group>"; };
		55A1126220EA31460008A4CC /* BLEResponse.swift */ = {isa = PBXFileReference; fileEncoding = 4; lastKnownFileType = sourcecode.swift; path = BLEResponse.swift; sourceTree = "<group>"; };
		55A1126320EA31460008A4CC /* PeripheralEncrypt.swift */ = {isa = PBXFileReference; fileEncoding = 4; lastKnownFileType = sourcecode.swift; path = PeripheralEncrypt.swift; sourceTree = "<group>"; };
		55A1126420EA31460008A4CC /* PeripheralHistory.swift */ = {isa = PBXFileReference; fileEncoding = 4; lastKnownFileType = sourcecode.swift; path = PeripheralHistory.swift; sourceTree = "<group>"; };
		55A1126520EA31460008A4CC /* PeripheralService.swift */ = {isa = PBXFileReference; fileEncoding = 4; lastKnownFileType = sourcecode.swift; path = PeripheralService.swift; sourceTree = "<group>"; };
		55A1126620EA31460008A4CC /* TapplockManager.swift */ = {isa = PBXFileReference; fileEncoding = 4; lastKnownFileType = sourcecode.swift; path = TapplockManager.swift; sourceTree = "<group>"; };
		55A1126820EA31460008A4CC /* TapplockModel.swift */ = {isa = PBXFileReference; fileEncoding = 4; lastKnownFileType = sourcecode.swift; path = TapplockModel.swift; sourceTree = "<group>"; };
		55A1126920EA31460008A4CC /* TapplockType.swift */ = {isa = PBXFileReference; fileEncoding = 4; lastKnownFileType = sourcecode.swift; path = TapplockType.swift; sourceTree = "<group>"; };
		55AEEE5D20EF159300D219BD /* AboutUSViewController.swift */ = {isa = PBXFileReference; lastKnownFileType = sourcecode.swift; path = AboutUSViewController.swift; sourceTree = "<group>"; };
		55AEEE5F20EF18D600D219BD /* ChangePassWordController.swift */ = {isa = PBXFileReference; lastKnownFileType = sourcecode.swift; path = ChangePassWordController.swift; sourceTree = "<group>"; };
		55AEEE6120EF18FB00D219BD /* SendFeedbackController.swift */ = {isa = PBXFileReference; lastKnownFileType = sourcecode.swift; path = SendFeedbackController.swift; sourceTree = "<group>"; };
		55AEEE6420EF3E2100D219BD /* FingerprintHistoryViewController.swift */ = {isa = PBXFileReference; fileEncoding = 4; lastKnownFileType = sourcecode.swift; path = FingerprintHistoryViewController.swift; sourceTree = "<group>"; };
		55AEEE6520EF3E2100D219BD /* FingerprintHistoryViewModel.swift */ = {isa = PBXFileReference; fileEncoding = 4; lastKnownFileType = sourcecode.swift; path = FingerprintHistoryViewModel.swift; sourceTree = "<group>"; };
		55AEEE6620EF3E2100D219BD /* FingerPrintListCell.swift */ = {isa = PBXFileReference; fileEncoding = 4; lastKnownFileType = sourcecode.swift; path = FingerPrintListCell.swift; sourceTree = "<group>"; };
		55AEEE6720EF3E2100D219BD /* LockAFingPrintCell.swift */ = {isa = PBXFileReference; fileEncoding = 4; lastKnownFileType = sourcecode.swift; path = LockAFingPrintCell.swift; sourceTree = "<group>"; };
		55AEEE6920EF3E2200D219BD /* BluetoothHistoryCell.swift */ = {isa = PBXFileReference; fileEncoding = 4; lastKnownFileType = sourcecode.swift; path = BluetoothHistoryCell.swift; sourceTree = "<group>"; };
		55AEEE6A20EF3E2200D219BD /* BluetoothHistoryViewController.swift */ = {isa = PBXFileReference; fileEncoding = 4; lastKnownFileType = sourcecode.swift; path = BluetoothHistoryViewController.swift; sourceTree = "<group>"; };
		55AEEE6B20EF3E2200D219BD /* BluetoothHistoryViewModel.swift */ = {isa = PBXFileReference; fileEncoding = 4; lastKnownFileType = sourcecode.swift; path = BluetoothHistoryViewModel.swift; sourceTree = "<group>"; };
		55AEEE7320EF426400D219BD /* BluetoothHistoryModel.swift */ = {isa = PBXFileReference; fileEncoding = 4; lastKnownFileType = sourcecode.swift; path = BluetoothHistoryModel.swift; sourceTree = "<group>"; };
		55AEEE7520EF428500D219BD /* FingerprintHistoryModel.swift */ = {isa = PBXFileReference; fileEncoding = 4; lastKnownFileType = sourcecode.swift; path = FingerprintHistoryModel.swift; sourceTree = "<group>"; };
		55AEEE7720EF438D00D219BD /* ListModel.swift */ = {isa = PBXFileReference; fileEncoding = 4; lastKnownFileType = sourcecode.swift; path = ListModel.swift; sourceTree = "<group>"; };
		55AEEE7920EF5A2200D219BD /* FingerPrintListCollectionCell.swift */ = {isa = PBXFileReference; lastKnownFileType = sourcecode.swift; path = FingerPrintListCollectionCell.swift; sourceTree = "<group>"; };
		55D0549A20D8CA0F003C92B5 /* HomeLockCell.swift */ = {isa = PBXFileReference; lastKnownFileType = sourcecode.swift; path = HomeLockCell.swift; sourceTree = "<group>"; };
		55D0549C20D8CE4B003C92B5 /* WorkGroupController.swift */ = {isa = PBXFileReference; lastKnownFileType = sourcecode.swift; path = WorkGroupController.swift; sourceTree = "<group>"; };
		55D0549F20D8D2C0003C92B5 /* LockDetailController.swift */ = {isa = PBXFileReference; lastKnownFileType = sourcecode.swift; path = LockDetailController.swift; sourceTree = "<group>"; };
		55D054A120D8D2D2003C92B5 /* LockDetail.storyboard */ = {isa = PBXFileReference; lastKnownFileType = file.storyboard; path = LockDetail.storyboard; sourceTree = "<group>"; };
		55D054A320D8E7FC003C92B5 /* HistoryTableHeaderView.swift */ = {isa = PBXFileReference; fileEncoding = 4; lastKnownFileType = sourcecode.swift; path = HistoryTableHeaderView.swift; sourceTree = "<group>"; };
		55D054A520D8E850003C92B5 /* FingerLockDetail.storyboard */ = {isa = PBXFileReference; lastKnownFileType = file.storyboard; path = FingerLockDetail.storyboard; sourceTree = "<group>"; };
		55D054A720D8E876003C92B5 /* FingerLockDetailController.swift */ = {isa = PBXFileReference; lastKnownFileType = sourcecode.swift; path = FingerLockDetailController.swift; sourceTree = "<group>"; };
		55D054A920D8E8BD003C92B5 /* BlueHistoryController.swift */ = {isa = PBXFileReference; lastKnownFileType = sourcecode.swift; path = BlueHistoryController.swift; sourceTree = "<group>"; };
		55D054AB20D8E8CE003C92B5 /* FingerHistoryController.swift */ = {isa = PBXFileReference; lastKnownFileType = sourcecode.swift; path = FingerHistoryController.swift; sourceTree = "<group>"; };
		55D054AD20D8F2DE003C92B5 /* AuthorizedUserController.swift */ = {isa = PBXFileReference; lastKnownFileType = sourcecode.swift; path = AuthorizedUserController.swift; sourceTree = "<group>"; };
		7D05124720D263B90075C681 /* Setting.storyboard */ = {isa = PBXFileReference; lastKnownFileType = file.storyboard; path = Setting.storyboard; sourceTree = "<group>"; };
		7D05124920D263F10075C681 /* SettingViewController.swift */ = {isa = PBXFileReference; lastKnownFileType = sourcecode.swift; path = SettingViewController.swift; sourceTree = "<group>"; };
		7D05124B20D2650F0075C681 /* MyTapplockController.swift */ = {isa = PBXFileReference; lastKnownFileType = sourcecode.swift; path = MyTapplockController.swift; sourceTree = "<group>"; };
		7D05124D20D2651A0075C681 /* MyTapplock.storyboard */ = {isa = PBXFileReference; lastKnownFileType = file.storyboard; path = MyTapplock.storyboard; sourceTree = "<group>"; };
		7D05124F20D2654B0075C681 /* ProfileViewController.swift */ = {isa = PBXFileReference; lastKnownFileType = sourcecode.swift; path = ProfileViewController.swift; sourceTree = "<group>"; };
		7D05125120D265610075C681 /* Profile.storyboard */ = {isa = PBXFileReference; lastKnownFileType = file.storyboard; path = Profile.storyboard; sourceTree = "<group>"; };
		7D05125320D265830075C681 /* ViewAlllock.storyboard */ = {isa = PBXFileReference; lastKnownFileType = file.storyboard; path = ViewAlllock.storyboard; sourceTree = "<group>"; };
		7D05125520D265950075C681 /* AllLocksViewController.swift */ = {isa = PBXFileReference; lastKnownFileType = sourcecode.swift; path = AllLocksViewController.swift; sourceTree = "<group>"; };
		7D05125920D266210075C681 /* ViewHistory.storyboard */ = {isa = PBXFileReference; lastKnownFileType = file.storyboard; path = ViewHistory.storyboard; sourceTree = "<group>"; };
		7D05125B20D266420075C681 /* ViewHistoryController.swift */ = {isa = PBXFileReference; lastKnownFileType = sourcecode.swift; path = ViewHistoryController.swift; sourceTree = "<group>"; };
		7D8D773920CE1DF100C218D0 /* R.generated.swift */ = {isa = PBXFileReference; fileEncoding = 4; lastKnownFileType = sourcecode.swift; path = R.generated.swift; sourceTree = SOURCE_ROOT; };
		7D8D773B20CE3BD900C218D0 /* ko */ = {isa = PBXFileReference; lastKnownFileType = text.plist.strings; name = ko; path = ko.lproj/Localizable.strings; sourceTree = "<group>"; };
		7D8D773C20CE3BDA00C218D0 /* cs */ = {isa = PBXFileReference; lastKnownFileType = text.plist.strings; name = cs; path = cs.lproj/Localizable.strings; sourceTree = "<group>"; };
		7D8D773D20CE3BDB00C218D0 /* sk */ = {isa = PBXFileReference; lastKnownFileType = text.plist.strings; name = sk; path = sk.lproj/Localizable.strings; sourceTree = "<group>"; };
		7D8D773F20CE418900C218D0 /* Home.storyboard */ = {isa = PBXFileReference; lastKnownFileType = file.storyboard; path = Home.storyboard; sourceTree = "<group>"; };
		7D8D774120CE41A700C218D0 /* HomeViewController.swift */ = {isa = PBXFileReference; lastKnownFileType = sourcecode.swift; path = HomeViewController.swift; sourceTree = "<group>"; };
		7DFE0FC020CD365700C94FA3 /* AppDelegate.swift */ = {isa = PBXFileReference; fileEncoding = 4; lastKnownFileType = sourcecode.swift; path = AppDelegate.swift; sourceTree = "<group>"; };
		7DFE108020CD3FD500C94FA3 /* Century Gothic.ttf */ = {isa = PBXFileReference; lastKnownFileType = file; path = "Century Gothic.ttf"; sourceTree = "<group>"; };
		7DFE108220CD405000C94FA3 /* RootViewController.swift */ = {isa = PBXFileReference; lastKnownFileType = sourcecode.swift; path = RootViewController.swift; sourceTree = "<group>"; };
		7DFE108420CD406A00C94FA3 /* BaseNaviController.swift */ = {isa = PBXFileReference; lastKnownFileType = sourcecode.swift; path = BaseNaviController.swift; sourceTree = "<group>"; };
		7DFE108620CD407900C94FA3 /* BaseViewController.swift */ = {isa = PBXFileReference; lastKnownFileType = sourcecode.swift; path = BaseViewController.swift; sourceTree = "<group>"; };
		7DFE108820CD41AA00C94FA3 /* Root_logo.png */ = {isa = PBXFileReference; lastKnownFileType = image.png; path = Root_logo.png; sourceTree = "<group>"; };
		7DFE10C020CD437F00C94FA3 /* sk */ = {isa = PBXFileReference; lastKnownFileType = text.plist.strings; name = sk; path = sk.lproj/Main.strings; sourceTree = "<group>"; };
		7DFE10C220CD438000C94FA3 /* cs */ = {isa = PBXFileReference; lastKnownFileType = text.plist.strings; name = cs; path = cs.lproj/Main.strings; sourceTree = "<group>"; };
		7DFE10C420CD438100C94FA3 /* ko */ = {isa = PBXFileReference; lastKnownFileType = text.plist.strings; name = ko; path = ko.lproj/Main.strings; sourceTree = "<group>"; };
		7DFE10C520CD464300C94FA3 /* ToBTappiOS-Bridging-Header.h */ = {isa = PBXFileReference; lastKnownFileType = sourcecode.c.h; path = "ToBTappiOS-Bridging-Header.h"; sourceTree = "<group>"; };
		7DFE10C920CD466700C94FA3 /* NSBundle+Language.h */ = {isa = PBXFileReference; fileEncoding = 4; lastKnownFileType = sourcecode.c.h; path = "NSBundle+Language.h"; sourceTree = "<group>"; };
		7DFE10CA20CD466700C94FA3 /* NSBundle+Language.m */ = {isa = PBXFileReference; fileEncoding = 4; lastKnownFileType = sourcecode.c.objc; path = "NSBundle+Language.m"; sourceTree = "<group>"; };
		7DFE10CC20CD46EE00C94FA3 /* RefreshGifheader.m */ = {isa = PBXFileReference; fileEncoding = 4; lastKnownFileType = sourcecode.c.objc; path = RefreshGifheader.m; sourceTree = "<group>"; };
		7DFE10CE20CD46EE00C94FA3 /* RefreshGifheader.h */ = {isa = PBXFileReference; fileEncoding = 4; lastKnownFileType = sourcecode.c.h; path = RefreshGifheader.h; sourceTree = "<group>"; };
		7DFE10D320CD473D00C94FA3 /* GradientExtension.swift */ = {isa = PBXFileReference; lastKnownFileType = sourcecode.swift; path = GradientExtension.swift; sourceTree = "<group>"; };
		7DFE10D520CD480800C94FA3 /* UIFontExtension.swift */ = {isa = PBXFileReference; lastKnownFileType = sourcecode.swift; path = UIFontExtension.swift; sourceTree = "<group>"; };
		7DFE10D920CD4A3800C94FA3 /* LogIn.storyboard */ = {isa = PBXFileReference; lastKnownFileType = file.storyboard; path = LogIn.storyboard; sourceTree = "<group>"; };
		7DFE10DC20CD4A7D00C94FA3 /* LoginViewModel.swift */ = {isa = PBXFileReference; fileEncoding = 4; lastKnownFileType = sourcecode.swift; path = LoginViewModel.swift; sourceTree = "<group>"; };
		7DFE10DD20CD4A7D00C94FA3 /* LoginViewController.swift */ = {isa = PBXFileReference; fileEncoding = 4; lastKnownFileType = sourcecode.swift; path = LoginViewController.swift; sourceTree = "<group>"; };
		7DFE10E020CD4A8D00C94FA3 /* ForgetPasswordViewModel.swift */ = {isa = PBXFileReference; fileEncoding = 4; lastKnownFileType = sourcecode.swift; path = ForgetPasswordViewModel.swift; sourceTree = "<group>"; };
		7DFE10E120CD4A8D00C94FA3 /* VerificationCodeViewController.swift */ = {isa = PBXFileReference; fileEncoding = 4; lastKnownFileType = sourcecode.swift; path = VerificationCodeViewController.swift; sourceTree = "<group>"; };
		7DFE10E220CD4A8E00C94FA3 /* ForgetPasswordViewController.swift */ = {isa = PBXFileReference; fileEncoding = 4; lastKnownFileType = sourcecode.swift; path = ForgetPasswordViewController.swift; sourceTree = "<group>"; };
		7DFE10E320CD4A8E00C94FA3 /* NewPasswordViewController.swift */ = {isa = PBXFileReference; fileEncoding = 4; lastKnownFileType = sourcecode.swift; path = NewPasswordViewController.swift; sourceTree = "<group>"; };
		7DFE10E920CD4AC600C94FA3 /* ConfirmPasswordController.swift */ = {isa = PBXFileReference; fileEncoding = 4; lastKnownFileType = sourcecode.swift; path = ConfirmPasswordController.swift; sourceTree = "<group>"; };
		7DFE10EA20CD4AC600C94FA3 /* RegistInformationController.swift */ = {isa = PBXFileReference; fileEncoding = 4; lastKnownFileType = sourcecode.swift; path = RegistInformationController.swift; sourceTree = "<group>"; };
		7DFE10EB20CD4AC600C94FA3 /* RegisterPasswordController.swift */ = {isa = PBXFileReference; fileEncoding = 4; lastKnownFileType = sourcecode.swift; path = RegisterPasswordController.swift; sourceTree = "<group>"; };
		7DFE10EC20CD4AC600C94FA3 /* RegistMailController.swift */ = {isa = PBXFileReference; fileEncoding = 4; lastKnownFileType = sourcecode.swift; path = RegistMailController.swift; sourceTree = "<group>"; };
		7DFE10ED20CD4AC700C94FA3 /* RegistVerficationController.swift */ = {isa = PBXFileReference; fileEncoding = 4; lastKnownFileType = sourcecode.swift; path = RegistVerficationController.swift; sourceTree = "<group>"; };
		7DFE10EE20CD4AC700C94FA3 /* RegisterUserImageUploader.swift */ = {isa = PBXFileReference; fileEncoding = 4; lastKnownFileType = sourcecode.swift; path = RegisterUserImageUploader.swift; sourceTree = "<group>"; };
		7DFE10EF20CD4AC700C94FA3 /* RegisterViewModel.swift */ = {isa = PBXFileReference; fileEncoding = 4; lastKnownFileType = sourcecode.swift; path = RegisterViewModel.swift; sourceTree = "<group>"; };
		7DFE10F720CD4AD600C94FA3 /* Register.storyboard */ = {isa = PBXFileReference; lastKnownFileType = file.storyboard; path = Register.storyboard; sourceTree = "<group>"; };
		A8AE0A036004F0656D7C570E /* Pods_ToBTappiOS.framework */ = {isa = PBXFileReference; explicitFileType = wrapper.framework; includeInIndex = 0; path = Pods_ToBTappiOS.framework; sourceTree = BUILT_PRODUCTS_DIR; };
		C2895609F623B6D9625F111C /* Pods-ToBTappiOS.release.xcconfig */ = {isa = PBXFileReference; includeInIndex = 1; lastKnownFileType = text.xcconfig; name = "Pods-ToBTappiOS.release.xcconfig"; path = "Pods/Target Support Files/Pods-ToBTappiOS/Pods-ToBTappiOS.release.xcconfig"; sourceTree = "<group>"; };
/* End PBXFileReference section */

/* Begin PBXFrameworksBuildPhase section */
		553E729920AAAD8E00CFFEB8 /* Frameworks */ = {
			isa = PBXFrameworksBuildPhase;
			buildActionMask = 2147483647;
			files = (
				3445F2AE3A8A79EAA231D2A4 /* Pods_ToBTappiOS.framework in Frameworks */,
			);
			runOnlyForDeploymentPostprocessing = 0;
		};
/* End PBXFrameworksBuildPhase section */

/* Begin PBXGroup section */
		426A9CDEF41F74C1D7DC51BE /* Frameworks */ = {
			isa = PBXGroup;
			children = (
				A8AE0A036004F0656D7C570E /* Pods_ToBTappiOS.framework */,
			);
			name = Frameworks;
			sourceTree = "<group>";
		};
		553E729320AAAD8E00CFFEB8 = {
			isa = PBXGroup;
			children = (
				553E729E20AAAD8E00CFFEB8 /* ToBTappiOS */,
				553E729D20AAAD8E00CFFEB8 /* Products */,
				75DF7E3B301D9CFEFD6C167A /* Pods */,
				426A9CDEF41F74C1D7DC51BE /* Frameworks */,
			);
			sourceTree = "<group>";
		};
		553E729D20AAAD8E00CFFEB8 /* Products */ = {
			isa = PBXGroup;
			children = (
				553E729C20AAAD8E00CFFEB8 /* ToBTappiOS.app */,
			);
			name = Products;
			sourceTree = "<group>";
		};
		553E729E20AAAD8E00CFFEB8 /* ToBTappiOS */ = {
			isa = PBXGroup;
			children = (
				557C3F3B20EB224F00A24D54 /* ToBTappiOS.entitlements */,
				55A1125F20EA31460008A4CC /* Bluetooth */,
				553E72F120AAB83400CFFEB8 /* ControlTool */,
				553E72F020AAB82D00CFFEB8 /* Config */,
				553E72EF20AAB82500CFFEB8 /* Scene */,
				553E72A620AAAD8F00CFFEB8 /* Assets.xcassets */,
				553E72A820AAAD8F00CFFEB8 /* LaunchScreen.storyboard */,
				553E72AB20AAAD8F00CFFEB8 /* Info.plist */,
				553E72C620AAB38C00CFFEB8 /* InfoPlist.strings */,
				553E72C020AAB35200CFFEB8 /* Localizable.strings */,
				7D8D773920CE1DF100C218D0 /* R.generated.swift */,
				7DFE10C520CD464300C94FA3 /* ToBTappiOS-Bridging-Header.h */,
				557C3F3720EB1EBB00A24D54 /* api_tapplock_com.cer */,
			);
			path = ToBTappiOS;
			sourceTree = "<group>";
		};
		553E72EF20AAB82500CFFEB8 /* Scene */ = {
			isa = PBXGroup;
			children = (
				7DFE0FC020CD365700C94FA3 /* AppDelegate.swift */,
				557C3F3520EB1E8A00A24D54 /* AppDelegate+Method.swift */,
				7DFE108420CD406A00C94FA3 /* BaseNaviController.swift */,
				7DFE108620CD407900C94FA3 /* BaseViewController.swift */,
				7DFE108220CD405000C94FA3 /* RootViewController.swift */,
				553E72A320AAAD8E00CFFEB8 /* Main.storyboard */,
				553FD1C320EDE84200A43F5D /* Tutorial */,
				55D0549E20D8D273003C92B5 /* LockDetail */,
				7D05124620D263990075C681 /* Setting */,
				7D05124420D263840075C681 /* ViewHistory */,
				7D05124320D263790075C681 /* ViewAlllocks */,
				7D05124220D263700075C681 /* Profile */,
				7D05124120D263550075C681 /* Tapplock */,
				7D8D773E20CE417500C218D0 /* Home */,
				7DFE10D820CD49D300C94FA3 /* Login */,
				557C3F3D20EB518800A24D54 /* MenuView */,
			);
			path = Scene;
			sourceTree = "<group>";
		};
		553E72F020AAB82D00CFFEB8 /* Config */ = {
			isa = PBXGroup;
			children = (
				553E72F320AAB85C00CFFEB8 /* Global.swift */,
				7DFE0FE020CD3F6200C94FA3 /* Source */,
				553E731F20AABB3D00CFFEB8 /* Models */,
			);
			path = Config;
			sourceTree = "<group>";
		};
		553E72F120AAB83400CFFEB8 /* ControlTool */ = {
			isa = PBXGroup;
			children = (
				557C3F2E20EB1BD400A24D54 /* APIServer */,
				553E72F920AAB8B100CFFEB8 /* Extension */,
			);
			path = ControlTool;
			sourceTree = "<group>";
		};
		553E72F920AAB8B100CFFEB8 /* Extension */ = {
			isa = PBXGroup;
			children = (
				553E72FA20AAB8C000CFFEB8 /* DataExtension.swift */,
				553E72FB20AAB8C000CFFEB8 /* DateExtension.swift */,
				553E72FC20AAB8C000CFFEB8 /* DictionaryExtension.swift */,
				553E730120AAB8C100CFFEB8 /* MethodExtension.swift */,
				553E72FD20AAB8C000CFFEB8 /* PeripheralState.swift */,
				553E730020AAB8C100CFFEB8 /* StringExtension.swift */,
				553E730320AAB8C100CFFEB8 /* UIColorExtension.swift */,
				553E730220AAB8C100CFFEB8 /* UIIViewControllerExtension.swift */,
				553E72FF20AAB8C100CFFEB8 /* UITextfieldExtension.swift */,
				553E72FE20AAB8C100CFFEB8 /* UIViewExtension.swift */,
				556B11A120AD774D00BF5F18 /* FileHelper.swift */,
				7DFE10C920CD466700C94FA3 /* NSBundle+Language.h */,
				7DFE10CA20CD466700C94FA3 /* NSBundle+Language.m */,
				7DFE10D320CD473D00C94FA3 /* GradientExtension.swift */,
				7DFE10CE20CD46EE00C94FA3 /* RefreshGifheader.h */,
				7DFE10CC20CD46EE00C94FA3 /* RefreshGifheader.m */,
				7DFE10D520CD480800C94FA3 /* UIFontExtension.swift */,
			);
			path = Extension;
			sourceTree = "<group>";
		};
		553E731F20AABB3D00CFFEB8 /* Models */ = {
			isa = PBXGroup;
			children = (
				55235E8D20AE7B0D00B98D38 /* ConfigModel.swift */,
				553E732020AABB5B00CFFEB8 /* UserModel.swift */,
				55235E8F20AE7CB600B98D38 /* LanguageModel.swift */,
				55235E9120AE97D800B98D38 /* EmptyModel.swift */,
				557C3F2C20EB1AF300A24D54 /* UpdateFWModel.swift */,
				557C3F3920EB1FE400A24D54 /* SupportVersionModel.swift */,
				55AEEE7320EF426400D219BD /* BluetoothHistoryModel.swift */,
				55AEEE7520EF428500D219BD /* FingerprintHistoryModel.swift */,
				55437EA420ECC4CA00C25143 /* MenuModel.swift */,
				55AEEE7720EF438D00D219BD /* ListModel.swift */,
			);
			path = Models;
			sourceTree = "<group>";
		};
		553FD1C320EDE84200A43F5D /* Tutorial */ = {
			isa = PBXGroup;
			children = (
				553FD1C420EDEA5D00A43F5D /* TutorialController.swift */,
			);
			path = Tutorial;
			sourceTree = "<group>";
		};
		557C3F2E20EB1BD400A24D54 /* APIServer */ = {
			isa = PBXGroup;
			children = (
				557C3F2F20EB1BD400A24D54 /* APIEncrypt.swift */,
				557C3F3020EB1BD400A24D54 /* APIResponse.swift */,
				5533E76E20F330CA00A65502 /* APIServer.swift */,
				5533E77020F3344E00A65502 /* ToAPIServer.swift */,
				5533E77220F33A9100A65502 /* ServerAPI.swift */,
				5533E77420F33AE500A65502 /* ServerEncryption.swift */,
			);
			path = APIServer;
			sourceTree = "<group>";
		};
		557C3F3D20EB518800A24D54 /* MenuView */ = {
			isa = PBXGroup;
			children = (
				557C3F3E20EB526B00A24D54 /* MenuView.swift */,
				557C3F4220EB57B800A24D54 /* MenuTableViewCell.swift */,
				557C3F4320EB57B800A24D54 /* MenuTableViewCell.xib */,
				557C3F4020EB530400A24D54 /* MenuViewModel.swift */,
			);
			path = MenuView;
			sourceTree = "<group>";
		};
		55A1125F20EA31460008A4CC /* Bluetooth */ = {
			isa = PBXGroup;
			children = (
				55A1126620EA31460008A4CC /* TapplockManager.swift */,
				55A1126820EA31460008A4CC /* TapplockModel.swift */,
				55A1126120EA31460008A4CC /* BLEPeripheral.swift */,
				55A1126520EA31460008A4CC /* PeripheralService.swift */,
				55A1126420EA31460008A4CC /* PeripheralHistory.swift */,
				55A1126320EA31460008A4CC /* PeripheralEncrypt.swift */,
				55A1126020EA31460008A4CC /* BLECommand.swift */,
				55A1126220EA31460008A4CC /* BLEResponse.swift */,
				55A1126920EA31460008A4CC /* TapplockType.swift */,
			);
			path = Bluetooth;
			sourceTree = "<group>";
		};
		55AEEE6320EF3E2100D219BD /* Fingerprint */ = {
			isa = PBXGroup;
			children = (
				55AEEE6420EF3E2100D219BD /* FingerprintHistoryViewController.swift */,
				55AEEE6520EF3E2100D219BD /* FingerprintHistoryViewModel.swift */,
				55AEEE6620EF3E2100D219BD /* FingerPrintListCell.swift */,
				55AEEE6720EF3E2100D219BD /* LockAFingPrintCell.swift */,
			);
			path = Fingerprint;
			sourceTree = "<group>";
		};
		55AEEE6820EF3E2200D219BD /* Bluetooth */ = {
			isa = PBXGroup;
			children = (
				55AEEE6A20EF3E2200D219BD /* BluetoothHistoryViewController.swift */,
				55AEEE6920EF3E2200D219BD /* BluetoothHistoryCell.swift */,
				55AEEE6B20EF3E2200D219BD /* BluetoothHistoryViewModel.swift */,
			);
			path = Bluetooth;
			sourceTree = "<group>";
		};
		55D0549E20D8D273003C92B5 /* LockDetail */ = {
			isa = PBXGroup;
			children = (
				55D054A320D8E7FC003C92B5 /* HistoryTableHeaderView.swift */,
				55D0549F20D8D2C0003C92B5 /* LockDetailController.swift */,
				55D054A920D8E8BD003C92B5 /* BlueHistoryController.swift */,
				55D054A120D8D2D2003C92B5 /* LockDetail.storyboard */,
				55D054A720D8E876003C92B5 /* FingerLockDetailController.swift */,
				55AEEE7920EF5A2200D219BD /* FingerPrintListCollectionCell.swift */,
				55D054AB20D8E8CE003C92B5 /* FingerHistoryController.swift */,
				55D054A520D8E850003C92B5 /* FingerLockDetail.storyboard */,
				55D054AD20D8F2DE003C92B5 /* AuthorizedUserController.swift */,
			);
			path = LockDetail;
			sourceTree = "<group>";
		};
		75DF7E3B301D9CFEFD6C167A /* Pods */ = {
			isa = PBXGroup;
			children = (
				09C04267B9B6EC490816A322 /* Pods-ToBTappiOS.debug.xcconfig */,
				C2895609F623B6D9625F111C /* Pods-ToBTappiOS.release.xcconfig */,
			);
			name = Pods;
			sourceTree = "<group>";
		};
		7D05124120D263550075C681 /* Tapplock */ = {
			isa = PBXGroup;
			children = (
				7D05124B20D2650F0075C681 /* MyTapplockController.swift */,
				55D0549C20D8CE4B003C92B5 /* WorkGroupController.swift */,
				55D0549A20D8CA0F003C92B5 /* HomeLockCell.swift */,
				7D05124D20D2651A0075C681 /* MyTapplock.storyboard */,
			);
			path = Tapplock;
			sourceTree = "<group>";
		};
		7D05124220D263700075C681 /* Profile */ = {
			isa = PBXGroup;
			children = (
				7D05125120D265610075C681 /* Profile.storyboard */,
				7D05124F20D2654B0075C681 /* ProfileViewController.swift */,
				557E6FC420DA02C8003C7975 /* PermissionController.swift */,
				553FD1C820EE1E2600A43F5D /* PermissionCollectionCell.swift */,
				557E6FC620DA02DD003C7975 /* YourGroupController.swift */,
				553FD1C620EDFDE500A43F5D /* GroupCollectionViewCell.swift */,
				557E6FC820DA2875003C7975 /* ProfileModel.swift */,
			);
			path = Profile;
			sourceTree = "<group>";
		};
		7D05124320D263790075C681 /* ViewAlllocks */ = {
			isa = PBXGroup;
			children = (
				7D05125320D265830075C681 /* ViewAlllock.storyboard */,
				7D05125520D265950075C681 /* AllLocksViewController.swift */,
			);
			path = ViewAlllocks;
			sourceTree = "<group>";
		};
		7D05124420D263840075C681 /* ViewHistory */ = {
			isa = PBXGroup;
			children = (
				7D05125920D266210075C681 /* ViewHistory.storyboard */,
				7D05125B20D266420075C681 /* ViewHistoryController.swift */,
				55AEEE6820EF3E2200D219BD /* Bluetooth */,
				55AEEE6320EF3E2100D219BD /* Fingerprint */,
			);
			path = ViewHistory;
			sourceTree = "<group>";
		};
		7D05124620D263990075C681 /* Setting */ = {
			isa = PBXGroup;
			children = (
				7D05124720D263B90075C681 /* Setting.storyboard */,
				7D05124920D263F10075C681 /* SettingViewController.swift */,
				55AEEE5D20EF159300D219BD /* AboutUSViewController.swift */,
				55AEEE5F20EF18D600D219BD /* ChangePassWordController.swift */,
				55AEEE6120EF18FB00D219BD /* SendFeedbackController.swift */,
			);
			path = Setting;
			sourceTree = "<group>";
		};
		7D8D773E20CE417500C218D0 /* Home */ = {
			isa = PBXGroup;
			children = (
				7D8D773F20CE418900C218D0 /* Home.storyboard */,
				7D8D774120CE41A700C218D0 /* HomeViewController.swift */,
			);
			path = Home;
			sourceTree = "<group>";
		};
		7DFE0FE020CD3F6200C94FA3 /* Source */ = {
			isa = PBXGroup;
			children = (
				7DFE108020CD3FD500C94FA3 /* Century Gothic.ttf */,
				7DFE108820CD41AA00C94FA3 /* Root_logo.png */,
			);
			path = Source;
			sourceTree = "<group>";
		};
		7DFE10D820CD49D300C94FA3 /* Login */ = {
			isa = PBXGroup;
			children = (
				7DFE10E820CD4A9700C94FA3 /* Register */,
				7DFE10DB20CD4A7D00C94FA3 /* Login */,
			);
			path = Login;
			sourceTree = "<group>";
		};
		7DFE10DB20CD4A7D00C94FA3 /* Login */ = {
			isa = PBXGroup;
			children = (
				7DFE10D920CD4A3800C94FA3 /* LogIn.storyboard */,
				7DFE10E220CD4A8E00C94FA3 /* ForgetPasswordViewController.swift */,
				7DFE10E020CD4A8D00C94FA3 /* ForgetPasswordViewModel.swift */,
				7DFE10E320CD4A8E00C94FA3 /* NewPasswordViewController.swift */,
				7DFE10E120CD4A8D00C94FA3 /* VerificationCodeViewController.swift */,
				7DFE10DD20CD4A7D00C94FA3 /* LoginViewController.swift */,
				7DFE10DC20CD4A7D00C94FA3 /* LoginViewModel.swift */,
			);
			path = Login;
			sourceTree = "<group>";
		};
		7DFE10E820CD4A9700C94FA3 /* Register */ = {
			isa = PBXGroup;
			children = (
				7DFE10E920CD4AC600C94FA3 /* ConfirmPasswordController.swift */,
				7DFE10EB20CD4AC600C94FA3 /* RegisterPasswordController.swift */,
				7DFE10EE20CD4AC700C94FA3 /* RegisterUserImageUploader.swift */,
				7DFE10EF20CD4AC700C94FA3 /* RegisterViewModel.swift */,
				7DFE10EA20CD4AC600C94FA3 /* RegistInformationController.swift */,
				7DFE10EC20CD4AC600C94FA3 /* RegistMailController.swift */,
				7DFE10ED20CD4AC700C94FA3 /* RegistVerficationController.swift */,
				7DFE10F720CD4AD600C94FA3 /* Register.storyboard */,
			);
			path = Register;
			sourceTree = "<group>";
		};
/* End PBXGroup section */

/* Begin PBXNativeTarget section */
		553E729B20AAAD8E00CFFEB8 /* ToBTappiOS */ = {
			isa = PBXNativeTarget;
			buildConfigurationList = 553E72AE20AAAD8F00CFFEB8 /* Build configuration list for PBXNativeTarget "ToBTappiOS" */;
			buildPhases = (
				A9DF2C5F4D9950E0076BB42A /* [CP] Check Pods Manifest.lock */,
				7D8D773820CE193D00C218D0 /* ShellScript */,
				553E729820AAAD8E00CFFEB8 /* Sources */,
				553E729920AAAD8E00CFFEB8 /* Frameworks */,
				553E729A20AAAD8E00CFFEB8 /* Resources */,
				FA5BC8627EAD3DBA6DAE833B /* [CP] Embed Pods Frameworks */,
			);
			buildRules = (
			);
			dependencies = (
			);
			name = ToBTappiOS;
			productName = ToBTappiOS;
			productReference = 553E729C20AAAD8E00CFFEB8 /* ToBTappiOS.app */;
			productType = "com.apple.product-type.application";
		};
/* End PBXNativeTarget section */

/* Begin PBXProject section */
		553E729420AAAD8E00CFFEB8 /* Project object */ = {
			isa = PBXProject;
			attributes = {
				LastSwiftUpdateCheck = 0930;
				LastUpgradeCheck = 0930;
				ORGANIZATIONNAME = TapplockiOS;
				TargetAttributes = {
					553E729B20AAAD8E00CFFEB8 = {
						CreatedOnToolsVersion = 9.3;
						LastSwiftMigration = 0940;
						SystemCapabilities = {
							com.apple.Push = {
								enabled = 1;
							};
						};
					};
				};
			};
			buildConfigurationList = 553E729720AAAD8E00CFFEB8 /* Build configuration list for PBXProject "ToBTappiOS" */;
			compatibilityVersion = "Xcode 9.3";
			developmentRegion = en;
			hasScannedForEncodings = 0;
			knownRegions = (
				en,
				Base,
				ja,
				sk,
				cs,
				ko,
			);
			mainGroup = 553E729320AAAD8E00CFFEB8;
			productRefGroup = 553E729D20AAAD8E00CFFEB8 /* Products */;
			projectDirPath = "";
			projectRoot = "";
			targets = (
				553E729B20AAAD8E00CFFEB8 /* ToBTappiOS */,
			);
		};
/* End PBXProject section */

/* Begin PBXResourcesBuildPhase section */
		553E729A20AAAD8E00CFFEB8 /* Resources */ = {
			isa = PBXResourcesBuildPhase;
			buildActionMask = 2147483647;
			files = (
				7DFE10DA20CD4A3800C94FA3 /* LogIn.storyboard in Resources */,
				7D8D774020CE418900C218D0 /* Home.storyboard in Resources */,
				553E72AA20AAAD8F00CFFEB8 /* LaunchScreen.storyboard in Resources */,
				553E72BE20AAB35200CFFEB8 /* Localizable.strings in Resources */,
				553E72A720AAAD8F00CFFEB8 /* Assets.xcassets in Resources */,
				7D05125220D265610075C681 /* Profile.storyboard in Resources */,
				553E72A520AAAD8E00CFFEB8 /* Main.storyboard in Resources */,
				7DFE10F820CD4AD600C94FA3 /* Register.storyboard in Resources */,
				55D054A220D8D2D2003C92B5 /* LockDetail.storyboard in Resources */,
				557C3F3820EB1EBD00A24D54 /* api_tapplock_com.cer in Resources */,
				7DFE108920CD41AA00C94FA3 /* Root_logo.png in Resources */,
				7D05124E20D2651A0075C681 /* MyTapplock.storyboard in Resources */,
				7DFE108120CD3FD500C94FA3 /* Century Gothic.ttf in Resources */,
				557C3F4520EB57B800A24D54 /* MenuTableViewCell.xib in Resources */,
				7D05124820D263B90075C681 /* Setting.storyboard in Resources */,
				7D05125420D265830075C681 /* ViewAlllock.storyboard in Resources */,
				55D054A620D8E850003C92B5 /* FingerLockDetail.storyboard in Resources */,
				7D05125A20D266210075C681 /* ViewHistory.storyboard in Resources */,
				553E72C420AAB38C00CFFEB8 /* InfoPlist.strings in Resources */,
			);
			runOnlyForDeploymentPostprocessing = 0;
		};
/* End PBXResourcesBuildPhase section */

/* Begin PBXShellScriptBuildPhase section */
		7D8D773820CE193D00C218D0 /* ShellScript */ = {
			isa = PBXShellScriptBuildPhase;
			buildActionMask = 2147483647;
			files = (
			);
			inputPaths = (
			);
			outputPaths = (
			);
			runOnlyForDeploymentPostprocessing = 0;
			shellPath = /bin/sh;
			shellScript = "\"$PODS_ROOT/R.swift/rswift\" generate \"$SRCROOT\"";
		};
		A9DF2C5F4D9950E0076BB42A /* [CP] Check Pods Manifest.lock */ = {
			isa = PBXShellScriptBuildPhase;
			buildActionMask = 2147483647;
			files = (
			);
			inputPaths = (
				"${PODS_PODFILE_DIR_PATH}/Podfile.lock",
				"${PODS_ROOT}/Manifest.lock",
			);
			name = "[CP] Check Pods Manifest.lock";
			outputPaths = (
				"$(DERIVED_FILE_DIR)/Pods-ToBTappiOS-checkManifestLockResult.txt",
			);
			runOnlyForDeploymentPostprocessing = 0;
			shellPath = /bin/sh;
			shellScript = "diff \"${PODS_PODFILE_DIR_PATH}/Podfile.lock\" \"${PODS_ROOT}/Manifest.lock\" > /dev/null\nif [ $? != 0 ] ; then\n    # print error to STDERR\n    echo \"error: The sandbox is not in sync with the Podfile.lock. Run 'pod install' or update your CocoaPods installation.\" >&2\n    exit 1\nfi\n# This output is used by Xcode 'outputs' to avoid re-running this script phase.\necho \"SUCCESS\" > \"${SCRIPT_OUTPUT_FILE_0}\"\n";
			showEnvVarsInLog = 0;
		};
		FA5BC8627EAD3DBA6DAE833B /* [CP] Embed Pods Frameworks */ = {
			isa = PBXShellScriptBuildPhase;
			buildActionMask = 2147483647;
			files = (
			);
			inputPaths = (
				"${SRCROOT}/Pods/Target Support Files/Pods-ToBTappiOS/Pods-ToBTappiOS-frameworks.sh",
				"${BUILT_PRODUCTS_DIR}/Alamofire/Alamofire.framework",
				"${BUILT_PRODUCTS_DIR}/CFAlertViewController/CFAlertViewController.framework",
				"${BUILT_PRODUCTS_DIR}/Cloudinary/Cloudinary.framework",
				"${BUILT_PRODUCTS_DIR}/CryptoSwift/CryptoSwift.framework",
				"${BUILT_PRODUCTS_DIR}/Differentiator/Differentiator.framework",
				"${BUILT_PRODUCTS_DIR}/GoogleToolboxForMac/GoogleToolboxForMac.framework",
				"${BUILT_PRODUCTS_DIR}/IQKeyboardManagerSwift/IQKeyboardManagerSwift.framework",
				"${BUILT_PRODUCTS_DIR}/Instructions/Instructions.framework",
				"${BUILT_PRODUCTS_DIR}/Kingfisher/Kingfisher.framework",
				"${BUILT_PRODUCTS_DIR}/MJRefresh/MJRefresh.framework",
				"${BUILT_PRODUCTS_DIR}/Moya/Moya.framework",
				"${BUILT_PRODUCTS_DIR}/Moya-ObjectMapper/Moya_ObjectMapper.framework",
				"${BUILT_PRODUCTS_DIR}/NSObject+Rx/NSObject_Rx.framework",
				"${BUILT_PRODUCTS_DIR}/ObjectMapper/ObjectMapper.framework",
				"${BUILT_PRODUCTS_DIR}/PKHUD/PKHUD.framework",
				"${BUILT_PRODUCTS_DIR}/PromiseKit/PromiseKit.framework",
				"${BUILT_PRODUCTS_DIR}/Protobuf/Protobuf.framework",
				"${BUILT_PRODUCTS_DIR}/R.swift.Library/Rswift.framework",
				"${BUILT_PRODUCTS_DIR}/ReachabilitySwift/Reachability.framework",
				"${BUILT_PRODUCTS_DIR}/Result/Result.framework",
				"${BUILT_PRODUCTS_DIR}/RxCocoa/RxCocoa.framework",
				"${BUILT_PRODUCTS_DIR}/RxDataSources/RxDataSources.framework",
				"${BUILT_PRODUCTS_DIR}/RxSwift/RxSwift.framework",
				"${BUILT_PRODUCTS_DIR}/SwiftDate/SwiftDate.framework",
				"${BUILT_PRODUCTS_DIR}/TOCropViewController/TOCropViewController.framework",
				"${BUILT_PRODUCTS_DIR}/WXImageCompress/WXImageCompress.framework",
				"${BUILT_PRODUCTS_DIR}/nanopb/nanopb.framework",
			);
			name = "[CP] Embed Pods Frameworks";
			outputPaths = (
				"${TARGET_BUILD_DIR}/${FRAMEWORKS_FOLDER_PATH}/Alamofire.framework",
				"${TARGET_BUILD_DIR}/${FRAMEWORKS_FOLDER_PATH}/CFAlertViewController.framework",
				"${TARGET_BUILD_DIR}/${FRAMEWORKS_FOLDER_PATH}/Cloudinary.framework",
				"${TARGET_BUILD_DIR}/${FRAMEWORKS_FOLDER_PATH}/CryptoSwift.framework",
				"${TARGET_BUILD_DIR}/${FRAMEWORKS_FOLDER_PATH}/Differentiator.framework",
				"${TARGET_BUILD_DIR}/${FRAMEWORKS_FOLDER_PATH}/GoogleToolboxForMac.framework",
				"${TARGET_BUILD_DIR}/${FRAMEWORKS_FOLDER_PATH}/IQKeyboardManagerSwift.framework",
				"${TARGET_BUILD_DIR}/${FRAMEWORKS_FOLDER_PATH}/Instructions.framework",
				"${TARGET_BUILD_DIR}/${FRAMEWORKS_FOLDER_PATH}/Kingfisher.framework",
				"${TARGET_BUILD_DIR}/${FRAMEWORKS_FOLDER_PATH}/MJRefresh.framework",
				"${TARGET_BUILD_DIR}/${FRAMEWORKS_FOLDER_PATH}/Moya.framework",
				"${TARGET_BUILD_DIR}/${FRAMEWORKS_FOLDER_PATH}/Moya_ObjectMapper.framework",
				"${TARGET_BUILD_DIR}/${FRAMEWORKS_FOLDER_PATH}/NSObject_Rx.framework",
				"${TARGET_BUILD_DIR}/${FRAMEWORKS_FOLDER_PATH}/ObjectMapper.framework",
				"${TARGET_BUILD_DIR}/${FRAMEWORKS_FOLDER_PATH}/PKHUD.framework",
				"${TARGET_BUILD_DIR}/${FRAMEWORKS_FOLDER_PATH}/PromiseKit.framework",
				"${TARGET_BUILD_DIR}/${FRAMEWORKS_FOLDER_PATH}/Protobuf.framework",
				"${TARGET_BUILD_DIR}/${FRAMEWORKS_FOLDER_PATH}/Rswift.framework",
				"${TARGET_BUILD_DIR}/${FRAMEWORKS_FOLDER_PATH}/Reachability.framework",
				"${TARGET_BUILD_DIR}/${FRAMEWORKS_FOLDER_PATH}/Result.framework",
				"${TARGET_BUILD_DIR}/${FRAMEWORKS_FOLDER_PATH}/RxCocoa.framework",
				"${TARGET_BUILD_DIR}/${FRAMEWORKS_FOLDER_PATH}/RxDataSources.framework",
				"${TARGET_BUILD_DIR}/${FRAMEWORKS_FOLDER_PATH}/RxSwift.framework",
				"${TARGET_BUILD_DIR}/${FRAMEWORKS_FOLDER_PATH}/SwiftDate.framework",
				"${TARGET_BUILD_DIR}/${FRAMEWORKS_FOLDER_PATH}/TOCropViewController.framework",
				"${TARGET_BUILD_DIR}/${FRAMEWORKS_FOLDER_PATH}/WXImageCompress.framework",
				"${TARGET_BUILD_DIR}/${FRAMEWORKS_FOLDER_PATH}/nanopb.framework",
			);
			runOnlyForDeploymentPostprocessing = 0;
			shellPath = /bin/sh;
			shellScript = "\"${SRCROOT}/Pods/Target Support Files/Pods-ToBTappiOS/Pods-ToBTappiOS-frameworks.sh\"\n";
			showEnvVarsInLog = 0;
		};
/* End PBXShellScriptBuildPhase section */

/* Begin PBXSourcesBuildPhase section */
		553E729820AAAD8E00CFFEB8 /* Sources */ = {
			isa = PBXSourcesBuildPhase;
			buildActionMask = 2147483647;
			files = (
				557C3F3A20EB1FE400A24D54 /* SupportVersionModel.swift in Sources */,
				55D054A820D8E876003C92B5 /* FingerLockDetailController.swift in Sources */,
				553E730C20AAB8C100CFFEB8 /* UIIViewControllerExtension.swift in Sources */,
				557E6FC520DA02C8003C7975 /* PermissionController.swift in Sources */,
				5533E77320F33A9100A65502 /* ServerAPI.swift in Sources */,
				557E6FC920DA2875003C7975 /* ProfileModel.swift in Sources */,
				553E730720AAB8C100CFFEB8 /* PeripheralState.swift in Sources */,
				5533E76F20F330CB00A65502 /* APIServer.swift in Sources */,
				557C3F3620EB1E8A00A24D54 /* AppDelegate+Method.swift in Sources */,
				55D0549D20D8CE4B003C92B5 /* WorkGroupController.swift in Sources */,
				55AEEE7620EF428500D219BD /* FingerprintHistoryModel.swift in Sources */,
				55AEEE7820EF438D00D219BD /* ListModel.swift in Sources */,
				55AEEE5E20EF159300D219BD /* AboutUSViewController.swift in Sources */,
				7DFE10F520CD4AC700C94FA3 /* RegisterUserImageUploader.swift in Sources */,
				55D054AC20D8E8CE003C92B5 /* FingerHistoryController.swift in Sources */,
				557C3F3F20EB526B00A24D54 /* MenuView.swift in Sources */,
				55D054AA20D8E8BD003C92B5 /* BlueHistoryController.swift in Sources */,
				55D054AE20D8F2DE003C92B5 /* AuthorizedUserController.swift in Sources */,
				55AEEE6220EF18FB00D219BD /* SendFeedbackController.swift in Sources */,
				55A1126A20EA31460008A4CC /* BLECommand.swift in Sources */,
				557E6FC720DA02DD003C7975 /* YourGroupController.swift in Sources */,
				553E730920AAB8C100CFFEB8 /* UITextfieldExtension.swift in Sources */,
				7D05124A20D263F10075C681 /* SettingViewController.swift in Sources */,
				553FD1C520EDEA5D00A43F5D /* TutorialController.swift in Sources */,
				7DFE10F420CD4AC700C94FA3 /* RegistVerficationController.swift in Sources */,
				55A1127020EA31460008A4CC /* TapplockManager.swift in Sources */,
				7DFE108720CD407900C94FA3 /* BaseViewController.swift in Sources */,
				55A1126C20EA31460008A4CC /* BLEResponse.swift in Sources */,
				553FD1C720EDFDE500A43F5D /* GroupCollectionViewCell.swift in Sources */,
				7DFE0FC120CD365700C94FA3 /* AppDelegate.swift in Sources */,
				7DFE108320CD405000C94FA3 /* RootViewController.swift in Sources */,
				7DFE10F320CD4AC700C94FA3 /* RegistMailController.swift in Sources */,
				557C3F4120EB530400A24D54 /* MenuViewModel.swift in Sources */,
				553E730A20AAB8C100CFFEB8 /* StringExtension.swift in Sources */,
				55AEEE7220EF3E2200D219BD /* BluetoothHistoryViewModel.swift in Sources */,
				55AEEE6020EF18D600D219BD /* ChangePassWordController.swift in Sources */,
				55437EA520ECC4CA00C25143 /* MenuModel.swift in Sources */,
				55A1126F20EA31460008A4CC /* PeripheralService.swift in Sources */,
				7DFE10DE20CD4A7E00C94FA3 /* LoginViewModel.swift in Sources */,
				55AEEE7020EF3E2200D219BD /* BluetoothHistoryCell.swift in Sources */,
				55A1127220EA31460008A4CC /* TapplockModel.swift in Sources */,
				7DFE10E720CD4A8E00C94FA3 /* NewPasswordViewController.swift in Sources */,
				7D05125C20D266420075C681 /* ViewHistoryController.swift in Sources */,
				7DFE10D620CD480800C94FA3 /* UIFontExtension.swift in Sources */,
				55235E9220AE97D800B98D38 /* EmptyModel.swift in Sources */,
				557C3F2D20EB1AF300A24D54 /* UpdateFWModel.swift in Sources */,
				7DFE10F120CD4AC700C94FA3 /* RegistInformationController.swift in Sources */,
				7DFE10F620CD4AC700C94FA3 /* RegisterViewModel.swift in Sources */,
				7DFE10E520CD4A8E00C94FA3 /* VerificationCodeViewController.swift in Sources */,
				55AEEE7A20EF5A2200D219BD /* FingerPrintListCollectionCell.swift in Sources */,
				553E730520AAB8C100CFFEB8 /* DateExtension.swift in Sources */,
				7DFE10D020CD46EE00C94FA3 /* RefreshGifheader.m in Sources */,
				55235E9020AE7CB600B98D38 /* LanguageModel.swift in Sources */,
				55AEEE6E20EF3E2200D219BD /* FingerPrintListCell.swift in Sources */,
				7D8D774220CE41A700C218D0 /* HomeViewController.swift in Sources */,
				7DFE108520CD406A00C94FA3 /* BaseNaviController.swift in Sources */,
				553E730D20AAB8C100CFFEB8 /* UIColorExtension.swift in Sources */,
				55AEEE6F20EF3E2200D219BD /* LockAFingPrintCell.swift in Sources */,
				55A1126B20EA31460008A4CC /* BLEPeripheral.swift in Sources */,
				7D05124C20D2650F0075C681 /* MyTapplockController.swift in Sources */,
				55D0549B20D8CA0F003C92B5 /* HomeLockCell.swift in Sources */,
				7DFE10E620CD4A8E00C94FA3 /* ForgetPasswordViewController.swift in Sources */,
				7D05125020D2654B0075C681 /* ProfileViewController.swift in Sources */,
				5533E77520F33AE500A65502 /* ServerEncryption.swift in Sources */,
				7D05125620D265950075C681 /* AllLocksViewController.swift in Sources */,
				55A1126D20EA31460008A4CC /* PeripheralEncrypt.swift in Sources */,
				553FD1C920EE1E2600A43F5D /* PermissionCollectionCell.swift in Sources */,
				55AEEE7120EF3E2200D219BD /* BluetoothHistoryViewController.swift in Sources */,
				55A1127320EA31460008A4CC /* TapplockType.swift in Sources */,
				553E732120AABB5B00CFFEB8 /* UserModel.swift in Sources */,
				553E730420AAB8C100CFFEB8 /* DataExtension.swift in Sources */,
				55AEEE6D20EF3E2200D219BD /* FingerprintHistoryViewModel.swift in Sources */,
				55A1126E20EA31460008A4CC /* PeripheralHistory.swift in Sources */,
				7DFE10DF20CD4A7E00C94FA3 /* LoginViewController.swift in Sources */,
				557C3F3320EB1BD400A24D54 /* APIResponse.swift in Sources */,
				55D054A020D8D2C0003C92B5 /* LockDetailController.swift in Sources */,
				55AEEE7420EF426400D219BD /* BluetoothHistoryModel.swift in Sources */,
				557C3F3220EB1BD400A24D54 /* APIEncrypt.swift in Sources */,
				553E730620AAB8C100CFFEB8 /* DictionaryExtension.swift in Sources */,
				7DFE10F220CD4AC700C94FA3 /* RegisterPasswordController.swift in Sources */,
				7DFE10F020CD4AC700C94FA3 /* ConfirmPasswordController.swift in Sources */,
				7D8D773A20CE1DF200C218D0 /* R.generated.swift in Sources */,
				5533E77120F3344E00A65502 /* ToAPIServer.swift in Sources */,
				55AEEE6C20EF3E2200D219BD /* FingerprintHistoryViewController.swift in Sources */,
				7DFE10E420CD4A8E00C94FA3 /* ForgetPasswordViewModel.swift in Sources */,
				7DFE10D420CD473D00C94FA3 /* GradientExtension.swift in Sources */,
				55235E8E20AE7B0D00B98D38 /* ConfigModel.swift in Sources */,
				7DFE10CB20CD466700C94FA3 /* NSBundle+Language.m in Sources */,
				553E730820AAB8C100CFFEB8 /* UIViewExtension.swift in Sources */,
				55D054A420D8E7FC003C92B5 /* HistoryTableHeaderView.swift in Sources */,
				556B11A220AD774D00BF5F18 /* FileHelper.swift in Sources */,
				553E730B20AAB8C100CFFEB8 /* MethodExtension.swift in Sources */,
				553E72F420AAB85C00CFFEB8 /* Global.swift in Sources */,
				557C3F4420EB57B800A24D54 /* MenuTableViewCell.swift in Sources */,
			);
			runOnlyForDeploymentPostprocessing = 0;
		};
/* End PBXSourcesBuildPhase section */

/* Begin PBXVariantGroup section */
		553E72A320AAAD8E00CFFEB8 /* Main.storyboard */ = {
			isa = PBXVariantGroup;
			children = (
				553E72A420AAAD8E00CFFEB8 /* Base */,
				553E72BA20AAB33200CFFEB8 /* ja */,
				7DFE10C020CD437F00C94FA3 /* sk */,
				7DFE10C220CD438000C94FA3 /* cs */,
				7DFE10C420CD438100C94FA3 /* ko */,
			);
			name = Main.storyboard;
			sourceTree = "<group>";
		};
		553E72A820AAAD8F00CFFEB8 /* LaunchScreen.storyboard */ = {
			isa = PBXVariantGroup;
			children = (
				553E72A920AAAD8F00CFFEB8 /* Base */,
				553E72BB20AAB33200CFFEB8 /* ja */,
			);
			name = LaunchScreen.storyboard;
			sourceTree = "<group>";
		};
		553E72C020AAB35200CFFEB8 /* Localizable.strings */ = {
			isa = PBXVariantGroup;
			children = (
				553E72BF20AAB35200CFFEB8 /* en */,
				553E72C120AAB35400CFFEB8 /* ja */,
				7D8D773B20CE3BD900C218D0 /* ko */,
				7D8D773C20CE3BDA00C218D0 /* cs */,
				7D8D773D20CE3BDB00C218D0 /* sk */,
			);
			name = Localizable.strings;
			sourceTree = "<group>";
		};
		553E72C620AAB38C00CFFEB8 /* InfoPlist.strings */ = {
			isa = PBXVariantGroup;
			children = (
				553E72C520AAB38C00CFFEB8 /* en */,
				553E72C720AAB38E00CFFEB8 /* ja */,
			);
			name = InfoPlist.strings;
			sourceTree = "<group>";
		};
/* End PBXVariantGroup section */

/* Begin XCBuildConfiguration section */
		553E72AC20AAAD8F00CFFEB8 /* Debug */ = {
			isa = XCBuildConfiguration;
			buildSettings = {
				ALWAYS_SEARCH_USER_PATHS = NO;
				CLANG_ANALYZER_LOCALIZABILITY_NONLOCALIZED = YES;
				CLANG_ANALYZER_NONNULL = YES;
				CLANG_ANALYZER_NUMBER_OBJECT_CONVERSION = YES_AGGRESSIVE;
				CLANG_CXX_LANGUAGE_STANDARD = "gnu++14";
				CLANG_CXX_LIBRARY = "libc++";
				CLANG_ENABLE_MODULES = YES;
				CLANG_ENABLE_OBJC_ARC = YES;
				CLANG_ENABLE_OBJC_WEAK = YES;
				CLANG_WARN_BLOCK_CAPTURE_AUTORELEASING = YES;
				CLANG_WARN_BOOL_CONVERSION = YES;
				CLANG_WARN_COMMA = YES;
				CLANG_WARN_CONSTANT_CONVERSION = YES;
				CLANG_WARN_DEPRECATED_OBJC_IMPLEMENTATIONS = YES;
				CLANG_WARN_DIRECT_OBJC_ISA_USAGE = YES_ERROR;
				CLANG_WARN_DOCUMENTATION_COMMENTS = YES;
				CLANG_WARN_EMPTY_BODY = YES;
				CLANG_WARN_ENUM_CONVERSION = YES;
				CLANG_WARN_INFINITE_RECURSION = YES;
				CLANG_WARN_INT_CONVERSION = YES;
				CLANG_WARN_NON_LITERAL_NULL_CONVERSION = YES;
				CLANG_WARN_OBJC_IMPLICIT_RETAIN_SELF = YES;
				CLANG_WARN_OBJC_LITERAL_CONVERSION = YES;
				CLANG_WARN_OBJC_ROOT_CLASS = YES_ERROR;
				CLANG_WARN_RANGE_LOOP_ANALYSIS = YES;
				CLANG_WARN_STRICT_PROTOTYPES = YES;
				CLANG_WARN_SUSPICIOUS_MOVE = YES;
				CLANG_WARN_UNGUARDED_AVAILABILITY = YES_AGGRESSIVE;
				CLANG_WARN_UNREACHABLE_CODE = YES;
				CLANG_WARN__DUPLICATE_METHOD_MATCH = YES;
				CODE_SIGN_IDENTITY = "iPhone Developer";
				COPY_PHASE_STRIP = NO;
				DEBUG_INFORMATION_FORMAT = dwarf;
				ENABLE_STRICT_OBJC_MSGSEND = YES;
				ENABLE_TESTABILITY = YES;
				GCC_C_LANGUAGE_STANDARD = gnu11;
				GCC_DYNAMIC_NO_PIC = NO;
				GCC_NO_COMMON_BLOCKS = YES;
				GCC_OPTIMIZATION_LEVEL = 0;
				GCC_PREPROCESSOR_DEFINITIONS = (
					"DEBUG=1",
					"$(inherited)",
				);
				GCC_WARN_64_TO_32_BIT_CONVERSION = YES;
				GCC_WARN_ABOUT_RETURN_TYPE = YES_ERROR;
				GCC_WARN_UNDECLARED_SELECTOR = YES;
				GCC_WARN_UNINITIALIZED_AUTOS = YES_AGGRESSIVE;
				GCC_WARN_UNUSED_FUNCTION = YES;
				GCC_WARN_UNUSED_VARIABLE = YES;
				IPHONEOS_DEPLOYMENT_TARGET = 11.3;
				MTL_ENABLE_DEBUG_INFO = YES;
				ONLY_ACTIVE_ARCH = YES;
				SDKROOT = iphoneos;
				SWIFT_ACTIVE_COMPILATION_CONDITIONS = DEBUG;
				SWIFT_OPTIMIZATION_LEVEL = "-Onone";
			};
			name = Debug;
		};
		553E72AD20AAAD8F00CFFEB8 /* Release */ = {
			isa = XCBuildConfiguration;
			buildSettings = {
				ALWAYS_SEARCH_USER_PATHS = NO;
				CLANG_ANALYZER_LOCALIZABILITY_NONLOCALIZED = YES;
				CLANG_ANALYZER_NONNULL = YES;
				CLANG_ANALYZER_NUMBER_OBJECT_CONVERSION = YES_AGGRESSIVE;
				CLANG_CXX_LANGUAGE_STANDARD = "gnu++14";
				CLANG_CXX_LIBRARY = "libc++";
				CLANG_ENABLE_MODULES = YES;
				CLANG_ENABLE_OBJC_ARC = YES;
				CLANG_ENABLE_OBJC_WEAK = YES;
				CLANG_WARN_BLOCK_CAPTURE_AUTORELEASING = YES;
				CLANG_WARN_BOOL_CONVERSION = YES;
				CLANG_WARN_COMMA = YES;
				CLANG_WARN_CONSTANT_CONVERSION = YES;
				CLANG_WARN_DEPRECATED_OBJC_IMPLEMENTATIONS = YES;
				CLANG_WARN_DIRECT_OBJC_ISA_USAGE = YES_ERROR;
				CLANG_WARN_DOCUMENTATION_COMMENTS = YES;
				CLANG_WARN_EMPTY_BODY = YES;
				CLANG_WARN_ENUM_CONVERSION = YES;
				CLANG_WARN_INFINITE_RECURSION = YES;
				CLANG_WARN_INT_CONVERSION = YES;
				CLANG_WARN_NON_LITERAL_NULL_CONVERSION = YES;
				CLANG_WARN_OBJC_IMPLICIT_RETAIN_SELF = YES;
				CLANG_WARN_OBJC_LITERAL_CONVERSION = YES;
				CLANG_WARN_OBJC_ROOT_CLASS = YES_ERROR;
				CLANG_WARN_RANGE_LOOP_ANALYSIS = YES;
				CLANG_WARN_STRICT_PROTOTYPES = YES;
				CLANG_WARN_SUSPICIOUS_MOVE = YES;
				CLANG_WARN_UNGUARDED_AVAILABILITY = YES_AGGRESSIVE;
				CLANG_WARN_UNREACHABLE_CODE = YES;
				CLANG_WARN__DUPLICATE_METHOD_MATCH = YES;
				CODE_SIGN_IDENTITY = "iPhone Developer";
				COPY_PHASE_STRIP = NO;
				DEBUG_INFORMATION_FORMAT = "dwarf-with-dsym";
				ENABLE_NS_ASSERTIONS = NO;
				ENABLE_STRICT_OBJC_MSGSEND = YES;
				GCC_C_LANGUAGE_STANDARD = gnu11;
				GCC_NO_COMMON_BLOCKS = YES;
				GCC_WARN_64_TO_32_BIT_CONVERSION = YES;
				GCC_WARN_ABOUT_RETURN_TYPE = YES_ERROR;
				GCC_WARN_UNDECLARED_SELECTOR = YES;
				GCC_WARN_UNINITIALIZED_AUTOS = YES_AGGRESSIVE;
				GCC_WARN_UNUSED_FUNCTION = YES;
				GCC_WARN_UNUSED_VARIABLE = YES;
				IPHONEOS_DEPLOYMENT_TARGET = 11.3;
				MTL_ENABLE_DEBUG_INFO = NO;
				SDKROOT = iphoneos;
				SWIFT_COMPILATION_MODE = wholemodule;
				SWIFT_OPTIMIZATION_LEVEL = "-O";
				VALIDATE_PRODUCT = YES;
			};
			name = Release;
		};
		553E72AF20AAAD8F00CFFEB8 /* Debug */ = {
			isa = XCBuildConfiguration;
			baseConfigurationReference = 09C04267B9B6EC490816A322 /* Pods-ToBTappiOS.debug.xcconfig */;
			buildSettings = {
				ASSETCATALOG_COMPILER_APPICON_NAME = AppIcon;
				CLANG_ENABLE_MODULES = YES;
				CODE_SIGN_ENTITLEMENTS = ToBTappiOS/ToBTappiOS.entitlements;
				CODE_SIGN_STYLE = Automatic;
				DEVELOPMENT_TEAM = XQCGT3VTF2;
				INFOPLIST_FILE = ToBTappiOS/Info.plist;
				IPHONEOS_DEPLOYMENT_TARGET = 10.0;
				LD_RUNPATH_SEARCH_PATHS = (
					"$(inherited)",
					"@executable_path/Frameworks",
				);
				PRODUCT_BUNDLE_IDENTIFIER = QDTapplockCompanyiOSBxh.ToBTappiOS;
				PRODUCT_NAME = "$(TARGET_NAME)";
				SWIFT_OBJC_BRIDGING_HEADER = "ToBTappiOS/ToBTappiOS-Bridging-Header.h";
				SWIFT_OPTIMIZATION_LEVEL = "-Onone";
				SWIFT_VERSION = 4.0;
				TARGETED_DEVICE_FAMILY = "1,2";
			};
			name = Debug;
		};
		553E72B020AAAD8F00CFFEB8 /* Release */ = {
			isa = XCBuildConfiguration;
			baseConfigurationReference = C2895609F623B6D9625F111C /* Pods-ToBTappiOS.release.xcconfig */;
			buildSettings = {
				ASSETCATALOG_COMPILER_APPICON_NAME = AppIcon;
				CLANG_ENABLE_MODULES = YES;
				CODE_SIGN_ENTITLEMENTS = ToBTappiOS/ToBTappiOS.entitlements;
				CODE_SIGN_STYLE = Automatic;
				DEVELOPMENT_TEAM = XQCGT3VTF2;
				INFOPLIST_FILE = ToBTappiOS/Info.plist;
				IPHONEOS_DEPLOYMENT_TARGET = 10.0;
				LD_RUNPATH_SEARCH_PATHS = (
					"$(inherited)",
					"@executable_path/Frameworks",
				);
				PRODUCT_BUNDLE_IDENTIFIER = QDTapplockCompanyiOSBxh.ToBTappiOS;
				PRODUCT_NAME = "$(TARGET_NAME)";
				SWIFT_OBJC_BRIDGING_HEADER = "ToBTappiOS/ToBTappiOS-Bridging-Header.h";
				SWIFT_VERSION = 4.0;
				TARGETED_DEVICE_FAMILY = "1,2";
			};
			name = Release;
		};
/* End XCBuildConfiguration section */

/* Begin XCConfigurationList section */
		553E729720AAAD8E00CFFEB8 /* Build configuration list for PBXProject "ToBTappiOS" */ = {
			isa = XCConfigurationList;
			buildConfigurations = (
				553E72AC20AAAD8F00CFFEB8 /* Debug */,
				553E72AD20AAAD8F00CFFEB8 /* Release */,
			);
			defaultConfigurationIsVisible = 0;
			defaultConfigurationName = Release;
		};
		553E72AE20AAAD8F00CFFEB8 /* Build configuration list for PBXNativeTarget "ToBTappiOS" */ = {
			isa = XCConfigurationList;
			buildConfigurations = (
				553E72AF20AAAD8F00CFFEB8 /* Debug */,
				553E72B020AAAD8F00CFFEB8 /* Release */,
			);
			defaultConfigurationIsVisible = 0;
			defaultConfigurationName = Release;
		};
/* End XCConfigurationList section */
	};
	rootObject = 553E729420AAAD8E00CFFEB8 /* Project object */;
}
